// !$*UTF8*$!
{
	archiveVersion = 1;
	classes = {
	};
	objectVersion = 46;
	objects = {

/* Begin PBXBuildFile section */
		0C522DC0431544ABF747C4D902D4AB2E /* MediaCore.xcframework in Frameworks */ = {isa = PBXBuildFile; fileRef = FFBA790D8CE80A14CCD0222922B03195 /* MediaCore.xcframework */; };
		0F1ACA3D330A456991E68A062635A6EA /* PlayerCore in Frameworks */ = {isa = PBXBuildFile; productRef = A6D5DE66EBB373A7E9F3F8E3697AFF94 /* PlayerCore */; };
		18DBA7F8D63A67EB5994D0FE8CEA3FC2 /* AppMenuController.swift in Sources */ = {isa = PBXBuildFile; fileRef = 0DDB3670C61304A107962CD516C77316 /* AppMenuController.swift */; };
		1A4FE318283EDDA397255AA51D6ECD0F /* MPVKit in Frameworks */ = {isa = PBXBuildFile; productRef = D481E7F90B58734152A67EB8392D1065 /* MPVKit */; };
		1D75F6C9848AE3C46DF4A18FEFF779B5 /* AppDelegate.swift in Sources */ = {isa = PBXBuildFile; fileRef = B35EAAC2281B62C6C08A6A6BA653CA82 /* AppDelegate.swift */; };
		21CF054C17241308F8B0666B7FC1D553 /* Cocoa.framework in Frameworks */ = {isa = PBXBuildFile; fileRef = 809A8D5E1CF772FE31A5D4F5B2502930 /* Cocoa.framework */; };
		22210AFC78C57306DC700229AE5233AB /* DropOverlayView.swift in Sources */ = {isa = PBXBuildFile; fileRef = D325035922EA40FD672D0CE039A7A456 /* DropOverlayView.swift */; };
		2CC192967582C0EA485168E8F250BC86 /* UpdateSettingsModel.swift in Sources */ = {isa = PBXBuildFile; fileRef = B6BD54F346C2879E330A0B10B586B5F5 /* UpdateSettingsModel.swift */; };
		313CF60FE4566112C0C543F949E27D34 /* RecentFilesController.swift in Sources */ = {isa = PBXBuildFile; fileRef = 87B89A2741F706B7569C53CBD53C8020 /* RecentFilesController.swift */; };
		389656AC8FDB6CE1428829FF4CC3AC1E /* PlayerPresentationAdapter.swift in Sources */ = {isa = PBXBuildFile; fileRef = B108C1097A2B6C7E4AC0318A1A776D7B /* PlayerPresentationAdapter.swift */; };
		44E823267AB6620EC3AE7A058A7672DC /* PlayerWindowController.swift in Sources */ = {isa = PBXBuildFile; fileRef = CD16166E515C85B126F501D66843AAC2 /* PlayerWindowController.swift */; };
		4913559726488E39636D85348B56F3CB /* MediaPlaybackIntegrationTests.swift in Sources */ = {isa = PBXBuildFile; fileRef = DC970F24E2FD67D6850396C0A8B94572 /* MediaPlaybackIntegrationTests.swift */; };
		512DBE541DC0CCBE5350481B9022FCEE /* PlayerPresentationState.swift in Sources */ = {isa = PBXBuildFile; fileRef = F18408A62838737205B8C5D9F3BDC0DF /* PlayerPresentationState.swift */; };
		571796440AB161095D89B5CB1A3CFC54 /* PlayerPresentationTests.swift in Sources */ = {isa = PBXBuildFile; fileRef = 3487BFDAA02CBF4580AD85566F16FBEA /* PlayerPresentationTests.swift */; };
		5C460C2090061393ED7D2C3E69583999 /* ErrorStateView.swift in Sources */ = {isa = PBXBuildFile; fileRef = 19AC565F39F746824E6D9D6838B7F04E /* ErrorStateView.swift */; };
		65098F5FB9351FF1FA47E99C1C435486 /* PlayerPreferences.swift in Sources */ = {isa = PBXBuildFile; fileRef = 1ABC7B777E70BF89FD8D330596D6791D /* PlayerPreferences.swift */; };
		6DEE58313754DFD645BD0AD09DE21B11 /* Sparkle in Frameworks */ = {isa = PBXBuildFile; productRef = 9112C120A4E2640999817F0330DCF10E /* Sparkle */; };
		6EB0B924B796CA2B2FD85237093A3CD9 /* MediaCore.xcframework in Embed Media Core */ = {isa = PBXBuildFile; fileRef = FFBA790D8CE80A14CCD0222922B03195 /* MediaCore.xcframework */; settings = {ATTRIBUTES = (CodeSignOnCopy, RemoveHeadersOnCopy, ); }; };
		77CDB10E17CCDD991370DB75402B6769 /* ActionControls.swift in Sources */ = {isa = PBXBuildFile; fileRef = 293E11166921F756F5EE1C64E3BB2CF6 /* ActionControls.swift */; };
		7A755CDD696FC7B627D2B552C344D892 /* MPVKit in Frameworks */ = {isa = PBXBuildFile; productRef = 6B311E513F2B1606268B5EADE5816758 /* MPVKit */; };
		7BD9D91C56E1DDDD727E097BFA2FB22B /* ResumeBannerView.swift in Sources */ = {isa = PBXBuildFile; fileRef = 0AF1C1BF2CF023C547B46FF9785A123D /* ResumeBannerView.swift */; };
		8A5840837D15104921FA6F46DDBFAA38 /* SettingsWindowController.swift in Sources */ = {isa = PBXBuildFile; fileRef = 1D5DFDE8B54E6822D21879EA93F701A3 /* SettingsWindowController.swift */; };
		8CFAD225211A7B56CDEB71A23CCC4179 /* Cocoa.framework in Frameworks */ = {isa = PBXBuildFile; fileRef = 809A8D5E1CF772FE31A5D4F5B2502930 /* Cocoa.framework */; };
		90B683EB9B0D860E7A841F93288736E5 /* PlayerWindow.swift in Sources */ = {isa = PBXBuildFile; fileRef = A006F32CF41F4DD063AADC3B15DF295F /* PlayerWindow.swift */; };
		964812C1E3FEC9286F22AC1BC4BF0E20 /* PlaybackControlsView.swift in Sources */ = {isa = PBXBuildFile; fileRef = EB7141F6229880227FF6D26325CB8C7F /* PlaybackControlsView.swift */; };
		9B5E979F73745811EAE836CB5C521428 /* EndStateView.swift in Sources */ = {isa = PBXBuildFile; fileRef = 3A26E42E11C35C81907E94610433D7A8 /* EndStateView.swift */; };
		9FACC7F407DE98768BE2B3E59843E8BF /* PlayerViewController.swift in Sources */ = {isa = PBXBuildFile; fileRef = 51F1670C21DA3155EA8E30F049696D42 /* PlayerViewController.swift */; };
		A350BE9F46D4109CDFA76B9700502433 /* PlaybackActivityController.swift in Sources */ = {isa = PBXBuildFile; fileRef = 5E34AD08340487C16870E93A23B42373 /* PlaybackActivityController.swift */; };
		A49A5D7493BF1A00A90E588E01F626FE /* PlaybackQueueView.swift in Sources */ = {isa = PBXBuildFile; fileRef = E5996E3C56E4B00B3307EB88F7063A2D /* PlaybackQueueView.swift */; };
		AB322F9AEBA869783B2E9A6E9DAE628A /* SettingsView.swift in Sources */ = {isa = PBXBuildFile; fileRef = E4B67B10D31CCA468D7E05C898B2A3D0 /* SettingsView.swift */; };
		BF6DD2B774138D7CA985CDD1D2FFB6FA /* main.swift in Sources */ = {isa = PBXBuildFile; fileRef = 495FE7E4726EABDD8B2B8A9F516CC0B5 /* main.swift */; };
		D4A10CDD08377B44A31427E550E1E002 /* Assets.xcassets in Resources */ = {isa = PBXBuildFile; fileRef = B2F261754E3D47CA74FB7033317601C2 /* Assets.xcassets */; };
		E069B677BF4363CBF9C81A0B3059831B /* PlayerCanvasView.swift in Sources */ = {isa = PBXBuildFile; fileRef = BB17E80AE9F569CA0C9ABAC7AE8283C2 /* PlayerCanvasView.swift */; };
		EE86C40724508F432C723FBA405A72D5 /* EmptyStateView.swift in Sources */ = {isa = PBXBuildFile; fileRef = 6DF49ADEFD4C8B0CC7E426CC53C10F0E /* EmptyStateView.swift */; };
		F70BC55915DB90C682216442C96D25CA /* PlayerCore in Frameworks */ = {isa = PBXBuildFile; productRef = 2C6FA4336723E763DAD41AAD87CEAA32 /* PlayerCore */; };
/* End PBXBuildFile section */

/* Begin PBXContainerItemProxy section */
		60F9DE531187F4520C95873F1629D77F /* PBXContainerItemProxy */ = {
			isa = PBXContainerItemProxy;
			containerPortal = C05A3344B6333BC1C1DB620B8917FC8B /* Project object */;
			proxyType = 1;
			remoteGlobalIDString = 0F8799D75BC2BF08E6C2993DC5405A50;
			remoteInfo = MKVPlayer;
		};
/* End PBXContainerItemProxy section */

/* Begin PBXCopyFilesBuildPhase section */
		A30711B0AE5251122B14C335FEC43EF8 /* Embed Media Core */ = {
			isa = PBXCopyFilesBuildPhase;
			buildActionMask = 2147483647;
			dstPath = "";
			dstSubfolderSpec = 10;
			files = (
				6EB0B924B796CA2B2FD85237093A3CD9 /* MediaCore.xcframework in Embed Media Core */,
			);
			name = "Embed Media Core";
			runOnlyForDeploymentPostprocessing = 0;
		};
/* End PBXCopyFilesBuildPhase section */

/* Begin PBXFileReference section */
		0AF1C1BF2CF023C547B46FF9785A123D /* ResumeBannerView.swift */ = {isa = PBXFileReference; includeInIndex = 1; lastKnownFileType = sourcecode.swift; name = ResumeBannerView.swift; path = Views/ResumeBannerView.swift; sourceTree = "<group>"; };
		0DDB3670C61304A107962CD516C77316 /* AppMenuController.swift */ = {isa = PBXFileReference; includeInIndex = 1; lastKnownFileType = sourcecode.swift; path = AppMenuController.swift; sourceTree = "<group>"; };
		19AC565F39F746824E6D9D6838B7F04E /* ErrorStateView.swift */ = {isa = PBXFileReference; includeInIndex = 1; lastKnownFileType = sourcecode.swift; name = ErrorStateView.swift; path = Views/ErrorStateView.swift; sourceTree = "<group>"; };
		1ABC7B777E70BF89FD8D330596D6791D /* PlayerPreferences.swift */ = {isa = PBXFileReference; includeInIndex = 1; lastKnownFileType = sourcecode.swift; name = PlayerPreferences.swift; path = Support/PlayerPreferences.swift; sourceTree = "<group>"; };
		1D5DFDE8B54E6822D21879EA93F701A3 /* SettingsWindowController.swift */ = {isa = PBXFileReference; includeInIndex = 1; lastKnownFileType = sourcecode.swift; path = SettingsWindowController.swift; sourceTree = "<group>"; };
		293E11166921F756F5EE1C64E3BB2CF6 /* ActionControls.swift */ = {isa = PBXFileReference; includeInIndex = 1; lastKnownFileType = sourcecode.swift; name = ActionControls.swift; path = Views/ActionControls.swift; sourceTree = "<group>"; };
		3487BFDAA02CBF4580AD85566F16FBEA /* PlayerPresentationTests.swift */ = {isa = PBXFileReference; includeInIndex = 1; lastKnownFileType = sourcecode.swift; path = PlayerPresentationTests.swift; sourceTree = "<group>"; };
		3A26E42E11C35C81907E94610433D7A8 /* EndStateView.swift */ = {isa = PBXFileReference; includeInIndex = 1; lastKnownFileType = sourcecode.swift; name = EndStateView.swift; path = Views/EndStateView.swift; sourceTree = "<group>"; };
		495FE7E4726EABDD8B2B8A9F516CC0B5 /* main.swift */ = {isa = PBXFileReference; includeInIndex = 1; lastKnownFileType = sourcecode.swift; path = main.swift; sourceTree = "<group>"; };
		4D17D4831E7945F90181420E6352732C /* MKVPlayer.app */ = {isa = PBXFileReference; explicitFileType = wrapper.application; includeInIndex = 0; path = MKVPlayer.app; sourceTree = BUILT_PRODUCTS_DIR; };
		51F1670C21DA3155EA8E30F049696D42 /* PlayerViewController.swift */ = {isa = PBXFileReference; includeInIndex = 1; lastKnownFileType = sourcecode.swift; path = PlayerViewController.swift; sourceTree = "<group>"; };
		5E34AD08340487C16870E93A23B42373 /* PlaybackActivityController.swift */ = {isa = PBXFileReference; includeInIndex = 1; lastKnownFileType = sourcecode.swift; name = PlaybackActivityController.swift; path = Support/PlaybackActivityController.swift; sourceTree = "<group>"; };
		6DF49ADEFD4C8B0CC7E426CC53C10F0E /* EmptyStateView.swift */ = {isa = PBXFileReference; includeInIndex = 1; lastKnownFileType = sourcecode.swift; name = EmptyStateView.swift; path = Views/EmptyStateView.swift; sourceTree = "<group>"; };
		809A8D5E1CF772FE31A5D4F5B2502930 /* Cocoa.framework */ = {isa = PBXFileReference; lastKnownFileType = wrapper.framework; name = Cocoa.framework; path = Platforms/MacOSX.platform/Developer/SDKs/MacOSX15.0.sdk/System/Library/Frameworks/Cocoa.framework; sourceTree = DEVELOPER_DIR; };
		87B89A2741F706B7569C53CBD53C8020 /* RecentFilesController.swift */ = {isa = PBXFileReference; includeInIndex = 1; lastKnownFileType = sourcecode.swift; name = RecentFilesController.swift; path = Support/RecentFilesController.swift; sourceTree = "<group>"; };
		A006F32CF41F4DD063AADC3B15DF295F /* PlayerWindow.swift */ = {isa = PBXFileReference; includeInIndex = 1; lastKnownFileType = sourcecode.swift; path = PlayerWindow.swift; sourceTree = "<group>"; };
		B108C1097A2B6C7E4AC0318A1A776D7B /* PlayerPresentationAdapter.swift */ = {isa = PBXFileReference; includeInIndex = 1; lastKnownFileType = sourcecode.swift; name = PlayerPresentationAdapter.swift; path = Support/PlayerPresentationAdapter.swift; sourceTree = "<group>"; };
		B2F261754E3D47CA74FB7033317601C2 /* Assets.xcassets */ = {isa = PBXFileReference; includeInIndex = 1; lastKnownFileType = folder.assetcatalog; name = Assets.xcassets; path = Resources/Assets.xcassets; sourceTree = "<group>"; };
		B35EAAC2281B62C6C08A6A6BA653CA82 /* AppDelegate.swift */ = {isa = PBXFileReference; includeInIndex = 1; lastKnownFileType = sourcecode.swift; path = AppDelegate.swift; sourceTree = "<group>"; };
		B6BD54F346C2879E330A0B10B586B5F5 /* UpdateSettingsModel.swift */ = {isa = PBXFileReference; includeInIndex = 1; lastKnownFileType = sourcecode.swift; name = UpdateSettingsModel.swift; path = Support/UpdateSettingsModel.swift; sourceTree = "<group>"; };
		BB17E80AE9F569CA0C9ABAC7AE8283C2 /* PlayerCanvasView.swift */ = {isa = PBXFileReference; includeInIndex = 1; lastKnownFileType = sourcecode.swift; name = PlayerCanvasView.swift; path = Views/PlayerCanvasView.swift; sourceTree = "<group>"; };
		CD16166E515C85B126F501D66843AAC2 /* PlayerWindowController.swift */ = {isa = PBXFileReference; includeInIndex = 1; lastKnownFileType = sourcecode.swift; path = PlayerWindowController.swift; sourceTree = "<group>"; };
		D325035922EA40FD672D0CE039A7A456 /* DropOverlayView.swift */ = {isa = PBXFileReference; includeInIndex = 1; lastKnownFileType = sourcecode.swift; name = DropOverlayView.swift; path = Views/DropOverlayView.swift; sourceTree = "<group>"; };
		DC970F24E2FD67D6850396C0A8B94572 /* MediaPlaybackIntegrationTests.swift */ = {isa = PBXFileReference; includeInIndex = 1; lastKnownFileType = sourcecode.swift; path = MediaPlaybackIntegrationTests.swift; sourceTree = "<group>"; };
		E4B67B10D31CCA468D7E05C898B2A3D0 /* SettingsView.swift */ = {isa = PBXFileReference; includeInIndex = 1; lastKnownFileType = sourcecode.swift; name = SettingsView.swift; path = Views/SettingsView.swift; sourceTree = "<group>"; };
		E5996E3C56E4B00B3307EB88F7063A2D /* PlaybackQueueView.swift */ = {isa = PBXFileReference; includeInIndex = 1; lastKnownFileType = sourcecode.swift; name = PlaybackQueueView.swift; path = Views/PlaybackQueueView.swift; sourceTree = "<group>"; };
		E62248A315FA48086F071DC1004DE1CF /* MKVPlayerTests.xctest */ = {isa = PBXFileReference; explicitFileType = wrapper.cfbundle; includeInIndex = 0; path = MKVPlayerTests.xctest; sourceTree = BUILT_PRODUCTS_DIR; };
		EB7141F6229880227FF6D26325CB8C7F /* PlaybackControlsView.swift */ = {isa = PBXFileReference; includeInIndex = 1; lastKnownFileType = sourcecode.swift; name = PlaybackControlsView.swift; path = Views/PlaybackControlsView.swift; sourceTree = "<group>"; };
		F18408A62838737205B8C5D9F3BDC0DF /* PlayerPresentationState.swift */ = {isa = PBXFileReference; includeInIndex = 1; lastKnownFileType = sourcecode.swift; name = PlayerPresentationState.swift; path = Support/PlayerPresentationState.swift; sourceTree = "<group>"; };
		FFBA790D8CE80A14CCD0222922B03195 /* MediaCore.xcframework */ = {isa = PBXFileReference; includeInIndex = 1; path = MediaCore.xcframework; sourceTree = "<group>"; };
/* End PBXFileReference section */

/* Begin PBXFrameworksBuildPhase section */
		748ED9AD6746CDD4CBFD20A612932D74 /* Frameworks */ = {
			isa = PBXFrameworksBuildPhase;
			buildActionMask = 2147483647;
			files = (
				8CFAD225211A7B56CDEB71A23CCC4179 /* Cocoa.framework in Frameworks */,
				F70BC55915DB90C682216442C96D25CA /* PlayerCore in Frameworks */,
				7A755CDD696FC7B627D2B552C344D892 /* MPVKit in Frameworks */,
				6DEE58313754DFD645BD0AD09DE21B11 /* Sparkle in Frameworks */,
				0C522DC0431544ABF747C4D902D4AB2E /* MediaCore.xcframework in Frameworks */,
			);
			runOnlyForDeploymentPostprocessing = 0;
		};
		E090EC407A3CE6DB5E0B64AC3697A44A /* Frameworks */ = {
			isa = PBXFrameworksBuildPhase;
			buildActionMask = 2147483647;
			files = (
				21CF054C17241308F8B0666B7FC1D553 /* Cocoa.framework in Frameworks */,
				0F1ACA3D330A456991E68A062635A6EA /* PlayerCore in Frameworks */,
				1A4FE318283EDDA397255AA51D6ECD0F /* MPVKit in Frameworks */,
			);
			runOnlyForDeploymentPostprocessing = 0;
		};
/* End PBXFrameworksBuildPhase section */

/* Begin PBXGroup section */
		28EFC0BB423481E7A186980C722814A1 /* MKVPlayerTests */ = {
			isa = PBXGroup;
			children = (
				DC970F24E2FD67D6850396C0A8B94572 /* MediaPlaybackIntegrationTests.swift */,
				3487BFDAA02CBF4580AD85566F16FBEA /* PlayerPresentationTests.swift */,
			);
			name = MKVPlayerTests;
			path = App/MKVPlayerTests;
			sourceTree = "<group>";
		};
		3BA50CE169BBC7B2343ABD472F9BDF70 /* Products */ = {
			isa = PBXGroup;
			children = (
				4D17D4831E7945F90181420E6352732C /* MKVPlayer.app */,
				E62248A315FA48086F071DC1004DE1CF /* MKVPlayerTests.xctest */,
			);
			name = Products;
			sourceTree = "<group>";
		};
		42BBD1A224E9155564DDDF04CAFA6A2A /* Frameworks */ = {
			isa = PBXGroup;
			children = (
				785EF57798AF8006A685B4E294AB6EA4 /* OS X */,
			);
			name = Frameworks;
			sourceTree = "<group>";
		};
		4615AD0C501085BD0AB9E64B5029EC3A /* MKVPlayer */ = {
			isa = PBXGroup;
			children = (
				B35EAAC2281B62C6C08A6A6BA653CA82 /* AppDelegate.swift */,
				0DDB3670C61304A107962CD516C77316 /* AppMenuController.swift */,
				51F1670C21DA3155EA8E30F049696D42 /* PlayerViewController.swift */,
				A006F32CF41F4DD063AADC3B15DF295F /* PlayerWindow.swift */,
				CD16166E515C85B126F501D66843AAC2 /* PlayerWindowController.swift */,
				1D5DFDE8B54E6822D21879EA93F701A3 /* SettingsWindowController.swift */,
				5E34AD08340487C16870E93A23B42373 /* PlaybackActivityController.swift */,
				1ABC7B777E70BF89FD8D330596D6791D /* PlayerPreferences.swift */,
				B108C1097A2B6C7E4AC0318A1A776D7B /* PlayerPresentationAdapter.swift */,
				F18408A62838737205B8C5D9F3BDC0DF /* PlayerPresentationState.swift */,
				87B89A2741F706B7569C53CBD53C8020 /* RecentFilesController.swift */,
				B6BD54F346C2879E330A0B10B586B5F5 /* UpdateSettingsModel.swift */,
				293E11166921F756F5EE1C64E3BB2CF6 /* ActionControls.swift */,
				D325035922EA40FD672D0CE039A7A456 /* DropOverlayView.swift */,
				6DF49ADEFD4C8B0CC7E426CC53C10F0E /* EmptyStateView.swift */,
				3A26E42E11C35C81907E94610433D7A8 /* EndStateView.swift */,
				19AC565F39F746824E6D9D6838B7F04E /* ErrorStateView.swift */,
				EB7141F6229880227FF6D26325CB8C7F /* PlaybackControlsView.swift */,
				E5996E3C56E4B00B3307EB88F7063A2D /* PlaybackQueueView.swift */,
				BB17E80AE9F569CA0C9ABAC7AE8283C2 /* PlayerCanvasView.swift */,
				0AF1C1BF2CF023C547B46FF9785A123D /* ResumeBannerView.swift */,
				E4B67B10D31CCA468D7E05C898B2A3D0 /* SettingsView.swift */,
				495FE7E4726EABDD8B2B8A9F516CC0B5 /* main.swift */,
				B2F261754E3D47CA74FB7033317601C2 /* Assets.xcassets */,
			);
			name = MKVPlayer;
			path = MKVPlayer;
			sourceTree = "<group>";
		};
		63CF71AC6881C0409C6702A2AFF1938E = {
			isa = PBXGroup;
			children = (
				3BA50CE169BBC7B2343ABD472F9BDF70 /* Products */,
				42BBD1A224E9155564DDDF04CAFA6A2A /* Frameworks */,
				9F640C714A43A1A9D0FDF0F55F4D3AB9 /* App */,
				28EFC0BB423481E7A186980C722814A1 /* MKVPlayerTests */,
				DF34809F7A2ADDE6BDCEE8A9B29884AA /* Vendor */,
			);
			sourceTree = "<group>";
		};
		785EF57798AF8006A685B4E294AB6EA4 /* OS X */ = {
			isa = PBXGroup;
			children = (
				809A8D5E1CF772FE31A5D4F5B2502930 /* Cocoa.framework */,
			);
			name = "OS X";
			sourceTree = "<group>";
		};
		9F640C714A43A1A9D0FDF0F55F4D3AB9 /* App */ = {
			isa = PBXGroup;
			children = (
				4615AD0C501085BD0AB9E64B5029EC3A /* MKVPlayer */,
			);
			name = App;
			path = App;
			sourceTree = "<group>";
		};
		DF34809F7A2ADDE6BDCEE8A9B29884AA /* Vendor */ = {
			isa = PBXGroup;
			children = (
				FFBA790D8CE80A14CCD0222922B03195 /* MediaCore.xcframework */,
			);
			name = Vendor;
			path = Vendor;
			sourceTree = "<group>";
		};
/* End PBXGroup section */

/* Begin PBXNativeTarget section */
		0F8799D75BC2BF08E6C2993DC5405A50 /* MKVPlayer */ = {
			isa = PBXNativeTarget;
			buildConfigurationList = 52A2E2639C7158D2DF3C30393641A187 /* Build configuration list for PBXNativeTarget "MKVPlayer" */;
			buildPhases = (
				061F523BA1C2B995AEC0A58963E3F0AD /* Sources */,
				748ED9AD6746CDD4CBFD20A612932D74 /* Frameworks */,
				DF0917974A4022A7A33DEC6165409AC5 /* Resources */,
				A30711B0AE5251122B14C335FEC43EF8 /* Embed Media Core */,
			);
			buildRules = (
			);
			dependencies = (
			);
			name = MKVPlayer;
			packageProductDependencies = (
				2C6FA4336723E763DAD41AAD87CEAA32 /* PlayerCore */,
				6B311E513F2B1606268B5EADE5816758 /* MPVKit */,
				9112C120A4E2640999817F0330DCF10E /* Sparkle */,
			);
			productName = MKVPlayer;
			productReference = 4D17D4831E7945F90181420E6352732C /* MKVPlayer.app */;
			productType = "com.apple.product-type.application";
		};
		76E5FB4EF0BAE307EDEFB5B26C32FDF4 /* MKVPlayerTests */ = {
			isa = PBXNativeTarget;
			buildConfigurationList = 989E5D135D7C6177C2403FDE8E985C43 /* Build configuration list for PBXNativeTarget "MKVPlayerTests" */;
			buildPhases = (
				B0886E32042EBBC1E05B5AF4978565DA /* Sources */,
				E090EC407A3CE6DB5E0B64AC3697A44A /* Frameworks */,
				0FC9AC7E8CC96964EB41FE0D324DF860 /* Resources */,
			);
			buildRules = (
			);
			dependencies = (
				FD816B9C306A914BAA0929BE1587949A /* PBXTargetDependency */,
			);
			name = MKVPlayerTests;
			packageProductDependencies = (
				A6D5DE66EBB373A7E9F3F8E3697AFF94 /* PlayerCore */,
				D481E7F90B58734152A67EB8392D1065 /* MPVKit */,
			);
			productName = MKVPlayerTests;
			productReference = E62248A315FA48086F071DC1004DE1CF /* MKVPlayerTests.xctest */;
			productType = "com.apple.product-type.bundle.unit-test";
		};
/* End PBXNativeTarget section */

/* Begin PBXProject section */
		C05A3344B6333BC1C1DB620B8917FC8B /* Project object */ = {
			isa = PBXProject;
			attributes = {
				LastSwiftUpdateCheck = 2620;
				LastUpgradeCheck = 2620;
			};
			buildConfigurationList = 41648E5A7B118FF18EBA8C48F69AE233 /* Build configuration list for PBXProject "MKVPlayer" */;
			compatibilityVersion = "Xcode 3.2";
			developmentRegion = en;
			hasScannedForEncodings = 0;
			knownRegions = (
				en,
				Base,
			);
			mainGroup = 63CF71AC6881C0409C6702A2AFF1938E;
			minimizedProjectReferenceProxies = 0;
			packageReferences = (
				DD0C2D3335D7ABAE6A147E26BD107A54 /* XCLocalSwiftPackageReference "PlayerCore" */,
				AB67306BD8DE18DC230E0039FD891747 /* XCLocalSwiftPackageReference "MPVKit" */,
				DC887BC6B0EAB6A0D0BC8ED9487BCFFE /* XCRemoteSwiftPackageReference "Sparkle" */,
			);
			preferredProjectObjectVersion = 77;
			productRefGroup = 3BA50CE169BBC7B2343ABD472F9BDF70 /* Products */;
			projectDirPath = "";
			projectRoot = "";
			targets = (
				0F8799D75BC2BF08E6C2993DC5405A50 /* MKVPlayer */,
				76E5FB4EF0BAE307EDEFB5B26C32FDF4 /* MKVPlayerTests */,
			);
		};
/* End PBXProject section */

/* Begin PBXResourcesBuildPhase section */
		0FC9AC7E8CC96964EB41FE0D324DF860 /* Resources */ = {
			isa = PBXResourcesBuildPhase;
			buildActionMask = 2147483647;
			files = (
			);
			runOnlyForDeploymentPostprocessing = 0;
		};
		DF0917974A4022A7A33DEC6165409AC5 /* Resources */ = {
			isa = PBXResourcesBuildPhase;
			buildActionMask = 2147483647;
			files = (
				D4A10CDD08377B44A31427E550E1E002 /* Assets.xcassets in Resources */,
			);
			runOnlyForDeploymentPostprocessing = 0;
		};
/* End PBXResourcesBuildPhase section */

/* Begin PBXSourcesBuildPhase section */
		061F523BA1C2B995AEC0A58963E3F0AD /* Sources */ = {
			isa = PBXSourcesBuildPhase;
			buildActionMask = 2147483647;
			files = (
				1D75F6C9848AE3C46DF4A18FEFF779B5 /* AppDelegate.swift in Sources */,
				18DBA7F8D63A67EB5994D0FE8CEA3FC2 /* AppMenuController.swift in Sources */,
				9FACC7F407DE98768BE2B3E59843E8BF /* PlayerViewController.swift in Sources */,
				90B683EB9B0D860E7A841F93288736E5 /* PlayerWindow.swift in Sources */,
				44E823267AB6620EC3AE7A058A7672DC /* PlayerWindowController.swift in Sources */,
				8A5840837D15104921FA6F46DDBFAA38 /* SettingsWindowController.swift in Sources */,
				A350BE9F46D4109CDFA76B9700502433 /* PlaybackActivityController.swift in Sources */,
				65098F5FB9351FF1FA47E99C1C435486 /* PlayerPreferences.swift in Sources */,
				389656AC8FDB6CE1428829FF4CC3AC1E /* PlayerPresentationAdapter.swift in Sources */,
				512DBE541DC0CCBE5350481B9022FCEE /* PlayerPresentationState.swift in Sources */,
				313CF60FE4566112C0C543F949E27D34 /* RecentFilesController.swift in Sources */,
				2CC192967582C0EA485168E8F250BC86 /* UpdateSettingsModel.swift in Sources */,
				77CDB10E17CCDD991370DB75402B6769 /* ActionControls.swift in Sources */,
				22210AFC78C57306DC700229AE5233AB /* DropOverlayView.swift in Sources */,
				EE86C40724508F432C723FBA405A72D5 /* EmptyStateView.swift in Sources */,
				9B5E979F73745811EAE836CB5C521428 /* EndStateView.swift in Sources */,
				5C460C2090061393ED7D2C3E69583999 /* ErrorStateView.swift in Sources */,
				964812C1E3FEC9286F22AC1BC4BF0E20 /* PlaybackControlsView.swift in Sources */,
				A49A5D7493BF1A00A90E588E01F626FE /* PlaybackQueueView.swift in Sources */,
				E069B677BF4363CBF9C81A0B3059831B /* PlayerCanvasView.swift in Sources */,
				7BD9D91C56E1DDDD727E097BFA2FB22B /* ResumeBannerView.swift in Sources */,
				AB322F9AEBA869783B2E9A6E9DAE628A /* SettingsView.swift in Sources */,
				BF6DD2B774138D7CA985CDD1D2FFB6FA /* main.swift in Sources */,
			);
			runOnlyForDeploymentPostprocessing = 0;
		};
		B0886E32042EBBC1E05B5AF4978565DA /* Sources */ = {
			isa = PBXSourcesBuildPhase;
			buildActionMask = 2147483647;
			files = (
				4913559726488E39636D85348B56F3CB /* MediaPlaybackIntegrationTests.swift in Sources */,
				571796440AB161095D89B5CB1A3CFC54 /* PlayerPresentationTests.swift in Sources */,
			);
			runOnlyForDeploymentPostprocessing = 0;
		};
/* End PBXSourcesBuildPhase section */

/* Begin PBXTargetDependency section */
		FD816B9C306A914BAA0929BE1587949A /* PBXTargetDependency */ = {
			isa = PBXTargetDependency;
			name = MKVPlayer;
			target = 0F8799D75BC2BF08E6C2993DC5405A50 /* MKVPlayer */;
			targetProxy = 60F9DE531187F4520C95873F1629D77F /* PBXContainerItemProxy */;
		};
/* End PBXTargetDependency section */

/* Begin XCBuildConfiguration section */
		5BA757F05327D24B9A35AD660871E98C /* Release */ = {
			isa = XCBuildConfiguration;
			buildSettings = {
				ARCHS = "$(ARCHS_STANDARD)";
				ASSETCATALOG_COMPILER_APPICON_NAME = AppIcon;
				ASSETCATALOG_COMPILER_GLOBAL_ACCENT_COLOR_NAME = AccentColor;
				CODE_SIGN_ENTITLEMENTS = App/MKVPlayer/MKVPlayer.entitlements;
				COMBINE_HIDPI_IMAGES = YES;
				CURRENT_PROJECT_VERSION = 1;
				DEAD_CODE_STRIPPING = YES;
				ENABLE_APP_SANDBOX = YES;
				ENABLE_HARDENED_RUNTIME = YES;
				ENABLE_USER_SCRIPT_SANDBOXING = YES;
				GENERATE_INFOPLIST_FILE = NO;
				INFOPLIST_FILE = App/MKVPlayer/Info.plist;
				LD_RUNPATH_SEARCH_PATHS = "$(inherited) @executable_path/../Frameworks";
				MACOSX_DEPLOYMENT_TARGET = 14.0;
				MARKETING_VERSION = 0.1.0;
				PRODUCT_BUNDLE_IDENTIFIER = io.github.youssefsz.MKVPlayer;
				PRODUCT_NAME = "MKV Player";
				SDKROOT = macosx;
				SPARKLE_PUBLIC_ED_KEY = "";
				SWIFT_STRICT_CONCURRENCY = complete;
			};
			name = Release;
		};
		94FCE409393A7744311B27A2841D1E2E /* Debug */ = {
			isa = XCBuildConfiguration;
			buildSettings = {
				ALWAYS_SEARCH_USER_PATHS = NO;
				CLANG_ANALYZER_NONNULL = YES;
				CLANG_ANALYZER_NUMBER_OBJECT_CONVERSION = YES_AGGRESSIVE;
				CLANG_CXX_LANGUAGE_STANDARD = "gnu++14";
				CLANG_CXX_LIBRARY = "libc++";
				CLANG_ENABLE_MODULES = YES;
				CLANG_ENABLE_OBJC_ARC = YES;
				CLANG_ENABLE_OBJC_WEAK = YES;
				CLANG_WARN_BLOCK_CAPTURE_AUTORELEASING = YES;
				CLANG_WARN_BOOL_CONVERSION = YES;
				CLANG_WARN_COMMA = YES;
				CLANG_WARN_CONSTANT_CONVERSION = YES;
				CLANG_WARN_DEPRECATED_OBJC_IMPLEMENTATIONS = YES;
				CLANG_WARN_DIRECT_OBJC_ISA_USAGE = YES_ERROR;
				CLANG_WARN_DOCUMENTATION_COMMENTS = YES;
				CLANG_WARN_EMPTY_BODY = YES;
				CLANG_WARN_ENUM_CONVERSION = YES;
				CLANG_WARN_INFINITE_RECURSION = YES;
				CLANG_WARN_INT_CONVERSION = YES;
				CLANG_WARN_NON_LITERAL_NULL_CONVERSION = YES;
				CLANG_WARN_OBJC_IMPLICIT_RETAIN_SELF = YES;
				CLANG_WARN_OBJC_LITERAL_CONVERSION = YES;
				CLANG_WARN_OBJC_ROOT_CLASS = YES_ERROR;
				CLANG_WARN_QUOTED_INCLUDE_IN_FRAMEWORK_HEADER = YES;
				CLANG_WARN_RANGE_LOOP_ANALYSIS = YES;
				CLANG_WARN_STRICT_PROTOTYPES = YES;
				CLANG_WARN_SUSPICIOUS_MOVE = YES;
				CLANG_WARN_UNGUARDED_AVAILABILITY = YES_AGGRESSIVE;
				CLANG_WARN_UNREACHABLE_CODE = YES;
				CLANG_WARN__DUPLICATE_METHOD_MATCH = YES;
				COPY_PHASE_STRIP = NO;
				DEBUG_INFORMATION_FORMAT = dwarf;
				ENABLE_STRICT_OBJC_MSGSEND = YES;
				ENABLE_TESTABILITY = YES;
				GCC_C_LANGUAGE_STANDARD = gnu11;
				GCC_DYNAMIC_NO_PIC = NO;
				GCC_NO_COMMON_BLOCKS = YES;
				GCC_OPTIMIZATION_LEVEL = 0;
				GCC_PREPROCESSOR_DEFINITIONS = (
					"DEBUG=1",
					"$(inherited)",
				);
				GCC_WARN_64_TO_32_BIT_CONVERSION = YES;
				GCC_WARN_ABOUT_RETURN_TYPE = YES_ERROR;
				GCC_WARN_UNDECLARED_SELECTOR = YES;
				GCC_WARN_UNINITIALIZED_AUTOS = YES_AGGRESSIVE;
				GCC_WARN_UNUSED_FUNCTION = YES;
				GCC_WARN_UNUSED_VARIABLE = YES;
				MACOSX_DEPLOYMENT_TARGET = 14.0;
				MTL_ENABLE_DEBUG_INFO = INCLUDE_SOURCE;
				MTL_FAST_MATH = YES;
				ONLY_ACTIVE_ARCH = YES;
				PRODUCT_NAME = "$(TARGET_NAME)";
				SWIFT_ACTIVE_COMPILATION_CONDITIONS = DEBUG;
				SWIFT_OPTIMIZATION_LEVEL = "-Onone";
				SWIFT_VERSION = 6.0;
			};
			name = Debug;
		};
		A389DE4759CBCB2C7A07B71DF20D4FB2 /* Debug */ = {
			isa = XCBuildConfiguration;
			buildSettings = {
				BUNDLE_LOADER = "$(TEST_HOST)";
				GENERATE_INFOPLIST_FILE = YES;
				MACOSX_DEPLOYMENT_TARGET = 14.0;
				OTHER_LDFLAGS = (
					"$(inherited)",
					"-framework",
					AppIntents,
				);
				PRODUCT_BUNDLE_IDENTIFIER = io.github.youssefsz.MKVPlayerTests;
				SDKROOT = macosx;
				SWIFT_ACTIVE_COMPILATION_CONDITIONS = "$(inherited) $(MKVPLAYER_TEST_COMPILATION_CONDITION)";
				SWIFT_STRICT_CONCURRENCY = complete;
				TEST_HOST = "$(BUILT_PRODUCTS_DIR)/MKV Player.app/Contents/MacOS/MKV Player";
			};
			name = Debug;
		};
		C806685BFCCFCE6B7DE7AC07BB677FBF /* Release */ = {
			isa = XCBuildConfiguration;
			buildSettings = {
				BUNDLE_LOADER = "$(TEST_HOST)";
				GENERATE_INFOPLIST_FILE = YES;
				MACOSX_DEPLOYMENT_TARGET = 14.0;
				OTHER_LDFLAGS = (
					"$(inherited)",
					"-framework",
					AppIntents,
				);
				PRODUCT_BUNDLE_IDENTIFIER = io.github.youssefsz.MKVPlayerTests;
				SDKROOT = macosx;
				SWIFT_ACTIVE_COMPILATION_CONDITIONS = "$(inherited) $(MKVPLAYER_TEST_COMPILATION_CONDITION)";
				SWIFT_STRICT_CONCURRENCY = complete;
				TEST_HOST = "$(BUILT_PRODUCTS_DIR)/MKV Player.app/Contents/MacOS/MKV Player";
			};
			name = Release;
		};
		E32287D01E13EE32C1B52AAC52E6907A /* Debug */ = {
			isa = XCBuildConfiguration;
			buildSettings = {
				ARCHS = "$(ARCHS_STANDARD)";
				ASSETCATALOG_COMPILER_APPICON_NAME = AppIcon;
				ASSETCATALOG_COMPILER_GLOBAL_ACCENT_COLOR_NAME = AccentColor;
				CODE_SIGN_ENTITLEMENTS = App/MKVPlayer/MKVPlayer.entitlements;
				COMBINE_HIDPI_IMAGES = YES;
				CURRENT_PROJECT_VERSION = 1;
				DEAD_CODE_STRIPPING = YES;
				ENABLE_APP_SANDBOX = YES;
				ENABLE_HARDENED_RUNTIME = NO;
				ENABLE_USER_SCRIPT_SANDBOXING = YES;
				GENERATE_INFOPLIST_FILE = NO;
				INFOPLIST_FILE = App/MKVPlayer/Info.plist;
				LD_RUNPATH_SEARCH_PATHS = "$(inherited) @executable_path/../Frameworks";
				MACOSX_DEPLOYMENT_TARGET = 14.0;
				MARKETING_VERSION = 0.1.0;
				PRODUCT_BUNDLE_IDENTIFIER = io.github.youssefsz.MKVPlayer;
				PRODUCT_NAME = "MKV Player";
				SDKROOT = macosx;
				SPARKLE_PUBLIC_ED_KEY = "";
				SWIFT_STRICT_CONCURRENCY = complete;
			};
			name = Debug;
		};
		FEFBCEAC27CD68A0CC5F404E33AFEDE6 /* Release */ = {
			isa = XCBuildConfiguration;
			buildSettings = {
				ALWAYS_SEARCH_USER_PATHS = NO;
				CLANG_ANALYZER_NONNULL = YES;
				CLANG_ANALYZER_NUMBER_OBJECT_CONVERSION = YES_AGGRESSIVE;
				CLANG_CXX_LANGUAGE_STANDARD = "gnu++14";
				CLANG_CXX_LIBRARY = "libc++";
				CLANG_ENABLE_MODULES = YES;
				CLANG_ENABLE_OBJC_ARC = YES;
				CLANG_ENABLE_OBJC_WEAK = YES;
				CLANG_WARN_BLOCK_CAPTURE_AUTORELEASING = YES;
				CLANG_WARN_BOOL_CONVERSION = YES;
				CLANG_WARN_COMMA = YES;
				CLANG_WARN_CONSTANT_CONVERSION = YES;
				CLANG_WARN_DEPRECATED_OBJC_IMPLEMENTATIONS = YES;
				CLANG_WARN_DIRECT_OBJC_ISA_USAGE = YES_ERROR;
				CLANG_WARN_DOCUMENTATION_COMMENTS = YES;
				CLANG_WARN_EMPTY_BODY = YES;
				CLANG_WARN_ENUM_CONVERSION = YES;
				CLANG_WARN_INFINITE_RECURSION = YES;
				CLANG_WARN_INT_CONVERSION = YES;
				CLANG_WARN_NON_LITERAL_NULL_CONVERSION = YES;
				CLANG_WARN_OBJC_IMPLICIT_RETAIN_SELF = YES;
				CLANG_WARN_OBJC_LITERAL_CONVERSION = YES;
				CLANG_WARN_OBJC_ROOT_CLASS = YES_ERROR;
				CLANG_WARN_QUOTED_INCLUDE_IN_FRAMEWORK_HEADER = YES;
				CLANG_WARN_RANGE_LOOP_ANALYSIS = YES;
				CLANG_WARN_STRICT_PROTOTYPES = YES;
				CLANG_WARN_SUSPICIOUS_MOVE = YES;
				CLANG_WARN_UNGUARDED_AVAILABILITY = YES_AGGRESSIVE;
				CLANG_WARN_UNREACHABLE_CODE = YES;
				CLANG_WARN__DUPLICATE_METHOD_MATCH = YES;
				COPY_PHASE_STRIP = NO;
				DEBUG_INFORMATION_FORMAT = "dwarf-with-dsym";
				ENABLE_NS_ASSERTIONS = NO;
				ENABLE_STRICT_OBJC_MSGSEND = YES;
				GCC_C_LANGUAGE_STANDARD = gnu11;
				GCC_NO_COMMON_BLOCKS = YES;
				GCC_WARN_64_TO_32_BIT_CONVERSION = YES;
				GCC_WARN_ABOUT_RETURN_TYPE = YES_ERROR;
				GCC_WARN_UNDECLARED_SELECTOR = YES;
				GCC_WARN_UNINITIALIZED_AUTOS = YES_AGGRESSIVE;
				GCC_WARN_UNUSED_FUNCTION = YES;
				GCC_WARN_UNUSED_VARIABLE = YES;
				MACOSX_DEPLOYMENT_TARGET = 14.0;
				MTL_ENABLE_DEBUG_INFO = NO;
				MTL_FAST_MATH = YES;
				PRODUCT_NAME = "$(TARGET_NAME)";
				SWIFT_COMPILATION_MODE = wholemodule;
				SWIFT_OPTIMIZATION_LEVEL = "-O";
				SWIFT_VERSION = 6.0;
			};
			name = Release;
		};
/* End XCBuildConfiguration section */

/* Begin XCConfigurationList section */
		41648E5A7B118FF18EBA8C48F69AE233 /* Build configuration list for PBXProject "MKVPlayer" */ = {
			isa = XCConfigurationList;
			buildConfigurations = (
				94FCE409393A7744311B27A2841D1E2E /* Debug */,
				FEFBCEAC27CD68A0CC5F404E33AFEDE6 /* Release */,
			);
			defaultConfigurationIsVisible = 0;
			defaultConfigurationName = Release;
		};
		52A2E2639C7158D2DF3C30393641A187 /* Build configuration list for PBXNativeTarget "MKVPlayer" */ = {
			isa = XCConfigurationList;
			buildConfigurations = (
				5BA757F05327D24B9A35AD660871E98C /* Release */,
				E32287D01E13EE32C1B52AAC52E6907A /* Debug */,
			);
			defaultConfigurationIsVisible = 0;
			defaultConfigurationName = Release;
		};
		989E5D135D7C6177C2403FDE8E985C43 /* Build configuration list for PBXNativeTarget "MKVPlayerTests" */ = {
			isa = XCConfigurationList;
			buildConfigurations = (
				C806685BFCCFCE6B7DE7AC07BB677FBF /* Release */,
				A389DE4759CBCB2C7A07B71DF20D4FB2 /* Debug */,
			);
			defaultConfigurationIsVisible = 0;
			defaultConfigurationName = Release;
		};
/* End XCConfigurationList section */

/* Begin XCLocalSwiftPackageReference section */
		AB67306BD8DE18DC230E0039FD891747 /* XCLocalSwiftPackageReference "MPVKit" */ = {
			isa = XCLocalSwiftPackageReference;
			relativePath = Packages/MPVKit;
		};
		DD0C2D3335D7ABAE6A147E26BD107A54 /* XCLocalSwiftPackageReference "PlayerCore" */ = {
			isa = XCLocalSwiftPackageReference;
			relativePath = Packages/PlayerCore;
		};
/* End XCLocalSwiftPackageReference section */

/* Begin XCRemoteSwiftPackageReference section */
		DC887BC6B0EAB6A0D0BC8ED9487BCFFE /* XCRemoteSwiftPackageReference "Sparkle" */ = {
			isa = XCRemoteSwiftPackageReference;
			repositoryURL = "https://github.com/sparkle-project/Sparkle";
			requirement = {
				kind = exactVersion;
				version = 2.9.2;
			};
		};
/* End XCRemoteSwiftPackageReference section */

/* Begin XCSwiftPackageProductDependency section */
		2C6FA4336723E763DAD41AAD87CEAA32 /* PlayerCore */ = {
			isa = XCSwiftPackageProductDependency;
			package = DD0C2D3335D7ABAE6A147E26BD107A54 /* XCLocalSwiftPackageReference "PlayerCore" */;
			productName = PlayerCore;
		};
		6B311E513F2B1606268B5EADE5816758 /* MPVKit */ = {
			isa = XCSwiftPackageProductDependency;
			package = AB67306BD8DE18DC230E0039FD891747 /* XCLocalSwiftPackageReference "MPVKit" */;
			productName = MPVKit;
		};
		9112C120A4E2640999817F0330DCF10E /* Sparkle */ = {
			isa = XCSwiftPackageProductDependency;
			package = DC887BC6B0EAB6A0D0BC8ED9487BCFFE /* XCRemoteSwiftPackageReference "Sparkle" */;
			productName = Sparkle;
		};
		A6D5DE66EBB373A7E9F3F8E3697AFF94 /* PlayerCore */ = {
			isa = XCSwiftPackageProductDependency;
			package = DD0C2D3335D7ABAE6A147E26BD107A54 /* XCLocalSwiftPackageReference "PlayerCore" */;
			productName = PlayerCore;
		};
		D481E7F90B58734152A67EB8392D1065 /* MPVKit */ = {
			isa = XCSwiftPackageProductDependency;
			package = AB67306BD8DE18DC230E0039FD891747 /* XCLocalSwiftPackageReference "MPVKit" */;
			productName = MPVKit;
		};
/* End XCSwiftPackageProductDependency section */
	};
	rootObject = C05A3344B6333BC1C1DB620B8917FC8B /* Project object */;
}
