// !$*UTF8*$!
{
	archiveVersion = 1;
	classes = {
	};
	objectVersion = 46;
	objects = {

/* Begin PBXBuildFile section */
		00AB884643CF21E2C598346C5A8689A6 /* PlayerWindow.swift in Sources */ = {isa = PBXBuildFile; fileRef = A006F32CF41F4DD063AADC3B15DF295F /* PlayerWindow.swift */; };
		00C9C1AE440987EE071492257197E295 /* MPVKit in Frameworks */ = {isa = PBXBuildFile; productRef = C7A46087010CCBA2A5C131721FC7919B /* MPVKit */; };
		067A5496B452844E7E059CA24EF29408 /* PlayerPresentationAdapter.swift in Sources */ = {isa = PBXBuildFile; fileRef = B108C1097A2B6C7E4AC0318A1A776D7B /* PlayerPresentationAdapter.swift */; };
		0F1ACA3D330A456991E68A062635A6EA /* PlayerCore in Frameworks */ = {isa = PBXBuildFile; productRef = A6D5DE66EBB373A7E9F3F8E3697AFF94 /* PlayerCore */; };
		158C662004DFE7E59A23CF77CA99FF35 /* ActionControls.swift in Sources */ = {isa = PBXBuildFile; fileRef = 293E11166921F756F5EE1C64E3BB2CF6 /* ActionControls.swift */; };
		1A4FE318283EDDA397255AA51D6ECD0F /* MPVKit in Frameworks */ = {isa = PBXBuildFile; productRef = D481E7F90B58734152A67EB8392D1065 /* MPVKit */; };
		1BD3995F89DA40A6F17832634FA09E78 /* DropOverlayView.swift in Sources */ = {isa = PBXBuildFile; fileRef = D325035922EA40FD672D0CE039A7A456 /* DropOverlayView.swift */; };
		21CF054C17241308F8B0666B7FC1D553 /* Cocoa.framework in Frameworks */ = {isa = PBXBuildFile; fileRef = 809A8D5E1CF772FE31A5D4F5B2502930 /* Cocoa.framework */; };
		2FF1A437E2E055303E60E0EC7E175B58 /* AppMenuController.swift in Sources */ = {isa = PBXBuildFile; fileRef = 0DDB3670C61304A107962CD516C77316 /* AppMenuController.swift */; };
		37539E281F43EA7D27A0B6CBB53463A8 /* EndStateView.swift in Sources */ = {isa = PBXBuildFile; fileRef = 3A26E42E11C35C81907E94610433D7A8 /* EndStateView.swift */; };
		3C026DDD5326D116B364ABCB54BFF0EE /* Cocoa.framework in Frameworks */ = {isa = PBXBuildFile; fileRef = 809A8D5E1CF772FE31A5D4F5B2502930 /* Cocoa.framework */; };
		47ACADB48FC630CCBFBA4B41F7943D1D /* PlayerPreferences.swift in Sources */ = {isa = PBXBuildFile; fileRef = 1ABC7B777E70BF89FD8D330596D6791D /* PlayerPreferences.swift */; };
		4913559726488E39636D85348B56F3CB /* MediaPlaybackIntegrationTests.swift in Sources */ = {isa = PBXBuildFile; fileRef = DC970F24E2FD67D6850396C0A8B94572 /* MediaPlaybackIntegrationTests.swift */; };
		562B6CC308AFB3B4AAAC513A62FD525B /* PlayerViewController.swift in Sources */ = {isa = PBXBuildFile; fileRef = 51F1670C21DA3155EA8E30F049696D42 /* PlayerViewController.swift */; };
		571796440AB161095D89B5CB1A3CFC54 /* PlayerPresentationTests.swift in Sources */ = {isa = PBXBuildFile; fileRef = 3487BFDAA02CBF4580AD85566F16FBEA /* PlayerPresentationTests.swift */; };
		5D4CEE10FA77510C0096392D22831ADC /* AppDelegate.swift in Sources */ = {isa = PBXBuildFile; fileRef = B35EAAC2281B62C6C08A6A6BA653CA82 /* AppDelegate.swift */; };
		5F0EB52371A6B70E07E99A4D214CCF4F /* ResumeBannerView.swift in Sources */ = {isa = PBXBuildFile; fileRef = 0AF1C1BF2CF023C547B46FF9785A123D /* ResumeBannerView.swift */; };
		613F1FA0F7B652DEB2F9314937877AD2 /* ErrorStateView.swift in Sources */ = {isa = PBXBuildFile; fileRef = 19AC565F39F746824E6D9D6838B7F04E /* ErrorStateView.swift */; };
		65B33E9F7A92FB41E8F1D245969B958D /* PlaybackQueueView.swift in Sources */ = {isa = PBXBuildFile; fileRef = E5996E3C56E4B00B3307EB88F7063A2D /* PlaybackQueueView.swift */; };
		73C0288B2BBF1F142D42DE1D9E426DE7 /* main.swift in Sources */ = {isa = PBXBuildFile; fileRef = 495FE7E4726EABDD8B2B8A9F516CC0B5 /* main.swift */; };
		77F6A862EE8DA519EEA84603EE59DBB2 /* RecentFilesController.swift in Sources */ = {isa = PBXBuildFile; fileRef = 87B89A2741F706B7569C53CBD53C8020 /* RecentFilesController.swift */; };
		850B0A45F60D1D3E68F3E48915BF9C4D /* PlayerWindowController.swift in Sources */ = {isa = PBXBuildFile; fileRef = CD16166E515C85B126F501D66843AAC2 /* PlayerWindowController.swift */; };
		8B6EBA5CE6D7E650D7EC7AB4DFADF73F /* UpdateSettingsModel.swift in Sources */ = {isa = PBXBuildFile; fileRef = B6BD54F346C2879E330A0B10B586B5F5 /* UpdateSettingsModel.swift */; };
		9471C88CAF5B90201EAC6E51D0D003D1 /* MediaCore.xcframework in Embed Media Core */ = {isa = PBXBuildFile; fileRef = FFBA790D8CE80A14CCD0222922B03195 /* MediaCore.xcframework */; settings = {ATTRIBUTES = (CodeSignOnCopy, RemoveHeadersOnCopy, ); }; };
		95865F5BCC4EB4F550A1D17FBA68274E /* PlayerCanvasView.swift in Sources */ = {isa = PBXBuildFile; fileRef = BB17E80AE9F569CA0C9ABAC7AE8283C2 /* PlayerCanvasView.swift */; };
		9593BABED94420859FB9B4CB5CCF498F /* PlayerCore in Frameworks */ = {isa = PBXBuildFile; productRef = F7B78DC699A60BEE74047B021A463509 /* PlayerCore */; };
		A3C71AC283D7B22243E8D997C4735AB9 /* PlaybackControlsView.swift in Sources */ = {isa = PBXBuildFile; fileRef = EB7141F6229880227FF6D26325CB8C7F /* PlaybackControlsView.swift */; };
		AB1EEC2233768181FA14CC14D0B6E0D9 /* SettingsWindowController.swift in Sources */ = {isa = PBXBuildFile; fileRef = 1D5DFDE8B54E6822D21879EA93F701A3 /* SettingsWindowController.swift */; };
		ACF036BBF37713E186EB54543F98BA50 /* Assets.xcassets in Resources */ = {isa = PBXBuildFile; fileRef = B2F261754E3D47CA74FB7033317601C2 /* Assets.xcassets */; };
		C7256DAD06DD2793DCB2F6CCE95B6C33 /* MediaCore.xcframework in Frameworks */ = {isa = PBXBuildFile; fileRef = FFBA790D8CE80A14CCD0222922B03195 /* MediaCore.xcframework */; };
		CD2D9D60181A7E8DD75B123F82920847 /* SettingsView.swift in Sources */ = {isa = PBXBuildFile; fileRef = E4B67B10D31CCA468D7E05C898B2A3D0 /* SettingsView.swift */; };
		E80725ED8096233F0601952CDA2E7F50 /* PlaybackActivityController.swift in Sources */ = {isa = PBXBuildFile; fileRef = 5E34AD08340487C16870E93A23B42373 /* PlaybackActivityController.swift */; };
		EC304CB9D70E1B2B45FCE040CC488439 /* PlayerPresentationState.swift in Sources */ = {isa = PBXBuildFile; fileRef = F18408A62838737205B8C5D9F3BDC0DF /* PlayerPresentationState.swift */; };
		F11A43B9F4A52EC0A6EA82866D54A415 /* EmptyStateView.swift in Sources */ = {isa = PBXBuildFile; fileRef = 6DF49ADEFD4C8B0CC7E426CC53C10F0E /* EmptyStateView.swift */; };
		FFE64A8EA699B06DFB23553583A4E6FD /* Sparkle in Frameworks */ = {isa = PBXBuildFile; productRef = CDEEB810D3282EEBE778F10AB6554AC1 /* Sparkle */; };
/* End PBXBuildFile section */

/* Begin PBXContainerItemProxy section */
		6D709CC12B5660CA888EC8B935BDC456 /* PBXContainerItemProxy */ = {
			isa = PBXContainerItemProxy;
			containerPortal = C05A3344B6333BC1C1DB620B8917FC8B /* Project object */;
			proxyType = 1;
			remoteGlobalIDString = A6AF8E344EEFB378CDA2442BF9214F52;
			remoteInfo = MKVPlayer;
		};
/* End PBXContainerItemProxy section */

/* Begin PBXCopyFilesBuildPhase section */
		F4AEA57B5BE85F1B91571196D4502A67 /* Embed Media Core */ = {
			isa = PBXCopyFilesBuildPhase;
			buildActionMask = 2147483647;
			dstPath = "";
			dstSubfolderSpec = 10;
			files = (
				9471C88CAF5B90201EAC6E51D0D003D1 /* MediaCore.xcframework in Embed Media Core */,
			);
			name = "Embed Media Core";
			runOnlyForDeploymentPostprocessing = 0;
		};
/* End PBXCopyFilesBuildPhase section */

/* Begin PBXFileReference section */
		0AF1C1BF2CF023C547B46FF9785A123D /* ResumeBannerView.swift */ = {isa = PBXFileReference; includeInIndex = 1; lastKnownFileType = sourcecode.swift; name = ResumeBannerView.swift; path = Views/ResumeBannerView.swift; sourceTree = "<group>"; };
		0DDB3670C61304A107962CD516C77316 /* AppMenuController.swift */ = {isa = PBXFileReference; includeInIndex = 1; lastKnownFileType = sourcecode.swift; path = AppMenuController.swift; sourceTree = "<group>"; };
		19AC565F39F746824E6D9D6838B7F04E /* ErrorStateView.swift */ = {isa = PBXFileReference; includeInIndex = 1; lastKnownFileType = sourcecode.swift; name = ErrorStateView.swift; path = Views/ErrorStateView.swift; sourceTree = "<group>"; };
		1ABC7B777E70BF89FD8D330596D6791D /* PlayerPreferences.swift */ = {isa = PBXFileReference; includeInIndex = 1; lastKnownFileType = sourcecode.swift; name = PlayerPreferences.swift; path = Support/PlayerPreferences.swift; sourceTree = "<group>"; };
		1D5DFDE8B54E6822D21879EA93F701A3 /* SettingsWindowController.swift */ = {isa = PBXFileReference; includeInIndex = 1; lastKnownFileType = sourcecode.swift; path = SettingsWindowController.swift; sourceTree = "<group>"; };
		293E11166921F756F5EE1C64E3BB2CF6 /* ActionControls.swift */ = {isa = PBXFileReference; includeInIndex = 1; lastKnownFileType = sourcecode.swift; name = ActionControls.swift; path = Views/ActionControls.swift; sourceTree = "<group>"; };
		3487BFDAA02CBF4580AD85566F16FBEA /* PlayerPresentationTests.swift */ = {isa = PBXFileReference; includeInIndex = 1; lastKnownFileType = sourcecode.swift; path = PlayerPresentationTests.swift; sourceTree = "<group>"; };
		3A26E42E11C35C81907E94610433D7A8 /* EndStateView.swift */ = {isa = PBXFileReference; includeInIndex = 1; lastKnownFileType = sourcecode.swift; name = EndStateView.swift; path = Views/EndStateView.swift; sourceTree = "<group>"; };
		495FE7E4726EABDD8B2B8A9F516CC0B5 /* main.swift */ = {isa = PBXFileReference; includeInIndex = 1; lastKnownFileType = sourcecode.swift; path = main.swift; sourceTree = "<group>"; };
		51F1670C21DA3155EA8E30F049696D42 /* PlayerViewController.swift */ = {isa = PBXFileReference; includeInIndex = 1; lastKnownFileType = sourcecode.swift; path = PlayerViewController.swift; sourceTree = "<group>"; };
		5E34AD08340487C16870E93A23B42373 /* PlaybackActivityController.swift */ = {isa = PBXFileReference; includeInIndex = 1; lastKnownFileType = sourcecode.swift; name = PlaybackActivityController.swift; path = Support/PlaybackActivityController.swift; sourceTree = "<group>"; };
		6DF49ADEFD4C8B0CC7E426CC53C10F0E /* EmptyStateView.swift */ = {isa = PBXFileReference; includeInIndex = 1; lastKnownFileType = sourcecode.swift; name = EmptyStateView.swift; path = Views/EmptyStateView.swift; sourceTree = "<group>"; };
		809A8D5E1CF772FE31A5D4F5B2502930 /* Cocoa.framework */ = {isa = PBXFileReference; lastKnownFileType = wrapper.framework; name = Cocoa.framework; path = Platforms/MacOSX.platform/Developer/SDKs/MacOSX15.0.sdk/System/Library/Frameworks/Cocoa.framework; sourceTree = DEVELOPER_DIR; };
		87B89A2741F706B7569C53CBD53C8020 /* RecentFilesController.swift */ = {isa = PBXFileReference; includeInIndex = 1; lastKnownFileType = sourcecode.swift; name = RecentFilesController.swift; path = Support/RecentFilesController.swift; sourceTree = "<group>"; };
		A006F32CF41F4DD063AADC3B15DF295F /* PlayerWindow.swift */ = {isa = PBXFileReference; includeInIndex = 1; lastKnownFileType = sourcecode.swift; path = PlayerWindow.swift; sourceTree = "<group>"; };
		B108C1097A2B6C7E4AC0318A1A776D7B /* PlayerPresentationAdapter.swift */ = {isa = PBXFileReference; includeInIndex = 1; lastKnownFileType = sourcecode.swift; name = PlayerPresentationAdapter.swift; path = Support/PlayerPresentationAdapter.swift; sourceTree = "<group>"; };
		B2F261754E3D47CA74FB7033317601C2 /* Assets.xcassets */ = {isa = PBXFileReference; includeInIndex = 1; lastKnownFileType = folder.assetcatalog; name = Assets.xcassets; path = Resources/Assets.xcassets; sourceTree = "<group>"; };
		B35EAAC2281B62C6C08A6A6BA653CA82 /* AppDelegate.swift */ = {isa = PBXFileReference; includeInIndex = 1; lastKnownFileType = sourcecode.swift; path = AppDelegate.swift; sourceTree = "<group>"; };
		B6BD54F346C2879E330A0B10B586B5F5 /* UpdateSettingsModel.swift */ = {isa = PBXFileReference; includeInIndex = 1; lastKnownFileType = sourcecode.swift; name = UpdateSettingsModel.swift; path = Support/UpdateSettingsModel.swift; sourceTree = "<group>"; };
		BB17E80AE9F569CA0C9ABAC7AE8283C2 /* PlayerCanvasView.swift */ = {isa = PBXFileReference; includeInIndex = 1; lastKnownFileType = sourcecode.swift; name = PlayerCanvasView.swift; path = Views/PlayerCanvasView.swift; sourceTree = "<group>"; };
		CD16166E515C85B126F501D66843AAC2 /* PlayerWindowController.swift */ = {isa = PBXFileReference; includeInIndex = 1; lastKnownFileType = sourcecode.swift; path = PlayerWindowController.swift; sourceTree = "<group>"; };
		D325035922EA40FD672D0CE039A7A456 /* DropOverlayView.swift */ = {isa = PBXFileReference; includeInIndex = 1; lastKnownFileType = sourcecode.swift; name = DropOverlayView.swift; path = Views/DropOverlayView.swift; sourceTree = "<group>"; };
		DC970F24E2FD67D6850396C0A8B94572 /* MediaPlaybackIntegrationTests.swift */ = {isa = PBXFileReference; includeInIndex = 1; lastKnownFileType = sourcecode.swift; path = MediaPlaybackIntegrationTests.swift; sourceTree = "<group>"; };
		E4B67B10D31CCA468D7E05C898B2A3D0 /* SettingsView.swift */ = {isa = PBXFileReference; includeInIndex = 1; lastKnownFileType = sourcecode.swift; name = SettingsView.swift; path = Views/SettingsView.swift; sourceTree = "<group>"; };
		E5996E3C56E4B00B3307EB88F7063A2D /* PlaybackQueueView.swift */ = {isa = PBXFileReference; includeInIndex = 1; lastKnownFileType = sourcecode.swift; name = PlaybackQueueView.swift; path = Views/PlaybackQueueView.swift; sourceTree = "<group>"; };
		EB48258B233EBE9D08DBCFC219C7BA4A /* MKV Player.app */ = {isa = PBXFileReference; explicitFileType = wrapper.application; includeInIndex = 0; name = "MKV Player.app"; path = "MKV Player.app"; sourceTree = BUILT_PRODUCTS_DIR; };
		EB7141F6229880227FF6D26325CB8C7F /* PlaybackControlsView.swift */ = {isa = PBXFileReference; includeInIndex = 1; lastKnownFileType = sourcecode.swift; name = PlaybackControlsView.swift; path = Views/PlaybackControlsView.swift; sourceTree = "<group>"; };
		EF7C79C49BA4712E807218819A53F865 /* MKVPlayerTests.xctest */ = {isa = PBXFileReference; explicitFileType = wrapper.cfbundle; includeInIndex = 0; path = MKVPlayerTests.xctest; sourceTree = BUILT_PRODUCTS_DIR; };
		F18408A62838737205B8C5D9F3BDC0DF /* PlayerPresentationState.swift */ = {isa = PBXFileReference; includeInIndex = 1; lastKnownFileType = sourcecode.swift; name = PlayerPresentationState.swift; path = Support/PlayerPresentationState.swift; sourceTree = "<group>"; };
		FFBA790D8CE80A14CCD0222922B03195 /* MediaCore.xcframework */ = {isa = PBXFileReference; includeInIndex = 1; path = MediaCore.xcframework; sourceTree = "<group>"; };
/* End PBXFileReference section */

/* Begin PBXFrameworksBuildPhase section */
		B35F430A71B53D9DB15BE2DC9CFD5297 /* Frameworks */ = {
			isa = PBXFrameworksBuildPhase;
			buildActionMask = 2147483647;
			files = (
				3C026DDD5326D116B364ABCB54BFF0EE /* Cocoa.framework in Frameworks */,
				9593BABED94420859FB9B4CB5CCF498F /* PlayerCore in Frameworks */,
				00C9C1AE440987EE071492257197E295 /* MPVKit in Frameworks */,
				FFE64A8EA699B06DFB23553583A4E6FD /* Sparkle in Frameworks */,
				C7256DAD06DD2793DCB2F6CCE95B6C33 /* MediaCore.xcframework in Frameworks */,
			);
			runOnlyForDeploymentPostprocessing = 0;
		};
		E090EC407A3CE6DB5E0B64AC3697A44A /* Frameworks */ = {
			isa = PBXFrameworksBuildPhase;
			buildActionMask = 2147483647;
			files = (
				21CF054C17241308F8B0666B7FC1D553 /* Cocoa.framework in Frameworks */,
				0F1ACA3D330A456991E68A062635A6EA /* PlayerCore in Frameworks */,
				1A4FE318283EDDA397255AA51D6ECD0F /* MPVKit in Frameworks */,
			);
			runOnlyForDeploymentPostprocessing = 0;
		};
/* End PBXFrameworksBuildPhase section */

/* Begin PBXGroup section */
		28EFC0BB423481E7A186980C722814A1 /* MKVPlayerTests */ = {
			isa = PBXGroup;
			children = (
				DC970F24E2FD67D6850396C0A8B94572 /* MediaPlaybackIntegrationTests.swift */,
				3487BFDAA02CBF4580AD85566F16FBEA /* PlayerPresentationTests.swift */,
			);
			name = MKVPlayerTests;
			path = App/MKVPlayerTests;
			sourceTree = "<group>";
		};
		42BBD1A224E9155564DDDF04CAFA6A2A /* Frameworks */ = {
			isa = PBXGroup;
			children = (
				785EF57798AF8006A685B4E294AB6EA4 /* OS X */,
			);
			name = Frameworks;
			sourceTree = "<group>";
		};
		4615AD0C501085BD0AB9E64B5029EC3A /* MKVPlayer */ = {
			isa = PBXGroup;
			children = (
				B35EAAC2281B62C6C08A6A6BA653CA82 /* AppDelegate.swift */,
				0DDB3670C61304A107962CD516C77316 /* AppMenuController.swift */,
				51F1670C21DA3155EA8E30F049696D42 /* PlayerViewController.swift */,
				A006F32CF41F4DD063AADC3B15DF295F /* PlayerWindow.swift */,
				CD16166E515C85B126F501D66843AAC2 /* PlayerWindowController.swift */,
				1D5DFDE8B54E6822D21879EA93F701A3 /* SettingsWindowController.swift */,
				5E34AD08340487C16870E93A23B42373 /* PlaybackActivityController.swift */,
				1ABC7B777E70BF89FD8D330596D6791D /* PlayerPreferences.swift */,
				B108C1097A2B6C7E4AC0318A1A776D7B /* PlayerPresentationAdapter.swift */,
				F18408A62838737205B8C5D9F3BDC0DF /* PlayerPresentationState.swift */,
				87B89A2741F706B7569C53CBD53C8020 /* RecentFilesController.swift */,
				B6BD54F346C2879E330A0B10B586B5F5 /* UpdateSettingsModel.swift */,
				293E11166921F756F5EE1C64E3BB2CF6 /* ActionControls.swift */,
				D325035922EA40FD672D0CE039A7A456 /* DropOverlayView.swift */,
				6DF49ADEFD4C8B0CC7E426CC53C10F0E /* EmptyStateView.swift */,
				3A26E42E11C35C81907E94610433D7A8 /* EndStateView.swift */,
				19AC565F39F746824E6D9D6838B7F04E /* ErrorStateView.swift */,
				EB7141F6229880227FF6D26325CB8C7F /* PlaybackControlsView.swift */,
				E5996E3C56E4B00B3307EB88F7063A2D /* PlaybackQueueView.swift */,
				BB17E80AE9F569CA0C9ABAC7AE8283C2 /* PlayerCanvasView.swift */,
				0AF1C1BF2CF023C547B46FF9785A123D /* ResumeBannerView.swift */,
				E4B67B10D31CCA468D7E05C898B2A3D0 /* SettingsView.swift */,
				495FE7E4726EABDD8B2B8A9F516CC0B5 /* main.swift */,
				B2F261754E3D47CA74FB7033317601C2 /* Assets.xcassets */,
			);
			name = MKVPlayer;
			path = MKVPlayer;
			sourceTree = "<group>";
		};
		63CF71AC6881C0409C6702A2AFF1938E = {
			isa = PBXGroup;
			children = (
				C61B5F1B83F21D526B4A3EC48BAB38FB /* Products */,
				42BBD1A224E9155564DDDF04CAFA6A2A /* Frameworks */,
				9F640C714A43A1A9D0FDF0F55F4D3AB9 /* App */,
				28EFC0BB423481E7A186980C722814A1 /* MKVPlayerTests */,
				DF34809F7A2ADDE6BDCEE8A9B29884AA /* Vendor */,
			);
			sourceTree = "<group>";
		};
		785EF57798AF8006A685B4E294AB6EA4 /* OS X */ = {
			isa = PBXGroup;
			children = (
				809A8D5E1CF772FE31A5D4F5B2502930 /* Cocoa.framework */,
			);
			name = "OS X";
			sourceTree = "<group>";
		};
		9F640C714A43A1A9D0FDF0F55F4D3AB9 /* App */ = {
			isa = PBXGroup;
			children = (
				4615AD0C501085BD0AB9E64B5029EC3A /* MKVPlayer */,
			);
			name = App;
			path = App;
			sourceTree = "<group>";
		};
		C61B5F1B83F21D526B4A3EC48BAB38FB /* Products */ = {
			isa = PBXGroup;
			children = (
				EB48258B233EBE9D08DBCFC219C7BA4A /* MKV Player.app */,
				EF7C79C49BA4712E807218819A53F865 /* MKVPlayerTests.xctest */,
			);
			name = Products;
			sourceTree = "<group>";
		};
		DF34809F7A2ADDE6BDCEE8A9B29884AA /* Vendor */ = {
			isa = PBXGroup;
			children = (
				FFBA790D8CE80A14CCD0222922B03195 /* MediaCore.xcframework */,
			);
			name = Vendor;
			path = Vendor;
			sourceTree = "<group>";
		};
/* End PBXGroup section */

/* Begin PBXNativeTarget section */
		76E5FB4EF0BAE307EDEFB5B26C32FDF4 /* MKVPlayerTests */ = {
			isa = PBXNativeTarget;
			buildConfigurationList = 989E5D135D7C6177C2403FDE8E985C43 /* Build configuration list for PBXNativeTarget "MKVPlayerTests" */;
			buildPhases = (
				B0886E32042EBBC1E05B5AF4978565DA /* Sources */,
				E090EC407A3CE6DB5E0B64AC3697A44A /* Frameworks */,
				0FC9AC7E8CC96964EB41FE0D324DF860 /* Resources */,
			);
			buildRules = (
			);
			dependencies = (
				1F943489B87ACE97D3C8E479BE668949 /* PBXTargetDependency */,
			);
			name = MKVPlayerTests;
			packageProductDependencies = (
				A6D5DE66EBB373A7E9F3F8E3697AFF94 /* PlayerCore */,
				D481E7F90B58734152A67EB8392D1065 /* MPVKit */,
			);
			productName = MKVPlayerTests;
			productReference = EF7C79C49BA4712E807218819A53F865 /* MKVPlayerTests.xctest */;
			productType = "com.apple.product-type.bundle.unit-test";
		};
		A6AF8E344EEFB378CDA2442BF9214F52 /* MKVPlayer */ = {
			isa = PBXNativeTarget;
			buildConfigurationList = A6C43560621426BFE0C6AC4E57603394 /* Build configuration list for PBXNativeTarget "MKVPlayer" */;
			buildPhases = (
				861249469CAC7982C904B46A783B1D6A /* Sources */,
				B35F430A71B53D9DB15BE2DC9CFD5297 /* Frameworks */,
				1FA9727453675CC90EB877664E83940C /* Resources */,
				F4AEA57B5BE85F1B91571196D4502A67 /* Embed Media Core */,
			);
			buildRules = (
			);
			dependencies = (
			);
			name = MKVPlayer;
			packageProductDependencies = (
				F7B78DC699A60BEE74047B021A463509 /* PlayerCore */,
				C7A46087010CCBA2A5C131721FC7919B /* MPVKit */,
				CDEEB810D3282EEBE778F10AB6554AC1 /* Sparkle */,
			);
			productName = MKVPlayer;
			productReference = EB48258B233EBE9D08DBCFC219C7BA4A /* MKV Player.app */;
			productType = "com.apple.product-type.application";
		};
/* End PBXNativeTarget section */

/* Begin PBXProject section */
		C05A3344B6333BC1C1DB620B8917FC8B /* Project object */ = {
			isa = PBXProject;
			attributes = {
				LastSwiftUpdateCheck = 2620;
				LastUpgradeCheck = 2620;
			};
			buildConfigurationList = 41648E5A7B118FF18EBA8C48F69AE233 /* Build configuration list for PBXProject "MKVPlayer" */;
			compatibilityVersion = "Xcode 3.2";
			developmentRegion = en;
			hasScannedForEncodings = 0;
			knownRegions = (
				en,
				Base,
			);
			mainGroup = 63CF71AC6881C0409C6702A2AFF1938E;
			minimizedProjectReferenceProxies = 0;
			packageReferences = (
				729985B1105DE853929A65D1EC88D519 /* XCLocalSwiftPackageReference "PlayerCore" */,
				45C19484A2B17E7C82AC2349F784F485 /* XCLocalSwiftPackageReference "MPVKit" */,
				88D14BF9ACB64882CAF1C78AA3497EB9 /* XCRemoteSwiftPackageReference "Sparkle" */,
			);
			preferredProjectObjectVersion = 77;
			productRefGroup = C61B5F1B83F21D526B4A3EC48BAB38FB /* Products */;
			projectDirPath = "";
			projectRoot = "";
			targets = (
				A6AF8E344EEFB378CDA2442BF9214F52 /* MKVPlayer */,
				76E5FB4EF0BAE307EDEFB5B26C32FDF4 /* MKVPlayerTests */,
			);
		};
/* End PBXProject section */

/* Begin PBXResourcesBuildPhase section */
		0FC9AC7E8CC96964EB41FE0D324DF860 /* Resources */ = {
			isa = PBXResourcesBuildPhase;
			buildActionMask = 2147483647;
			files = (
			);
			runOnlyForDeploymentPostprocessing = 0;
		};
		1FA9727453675CC90EB877664E83940C /* Resources */ = {
			isa = PBXResourcesBuildPhase;
			buildActionMask = 2147483647;
			files = (
				ACF036BBF37713E186EB54543F98BA50 /* Assets.xcassets in Resources */,
			);
			runOnlyForDeploymentPostprocessing = 0;
		};
/* End PBXResourcesBuildPhase section */

/* Begin PBXSourcesBuildPhase section */
		861249469CAC7982C904B46A783B1D6A /* Sources */ = {
			isa = PBXSourcesBuildPhase;
			buildActionMask = 2147483647;
			files = (
				5D4CEE10FA77510C0096392D22831ADC /* AppDelegate.swift in Sources */,
				2FF1A437E2E055303E60E0EC7E175B58 /* AppMenuController.swift in Sources */,
				562B6CC308AFB3B4AAAC513A62FD525B /* PlayerViewController.swift in Sources */,
				00AB884643CF21E2C598346C5A8689A6 /* PlayerWindow.swift in Sources */,
				850B0A45F60D1D3E68F3E48915BF9C4D /* PlayerWindowController.swift in Sources */,
				AB1EEC2233768181FA14CC14D0B6E0D9 /* SettingsWindowController.swift in Sources */,
				E80725ED8096233F0601952CDA2E7F50 /* PlaybackActivityController.swift in Sources */,
				47ACADB48FC630CCBFBA4B41F7943D1D /* PlayerPreferences.swift in Sources */,
				067A5496B452844E7E059CA24EF29408 /* PlayerPresentationAdapter.swift in Sources */,
				EC304CB9D70E1B2B45FCE040CC488439 /* PlayerPresentationState.swift in Sources */,
				77F6A862EE8DA519EEA84603EE59DBB2 /* RecentFilesController.swift in Sources */,
				8B6EBA5CE6D7E650D7EC7AB4DFADF73F /* UpdateSettingsModel.swift in Sources */,
				158C662004DFE7E59A23CF77CA99FF35 /* ActionControls.swift in Sources */,
				1BD3995F89DA40A6F17832634FA09E78 /* DropOverlayView.swift in Sources */,
				F11A43B9F4A52EC0A6EA82866D54A415 /* EmptyStateView.swift in Sources */,
				37539E281F43EA7D27A0B6CBB53463A8 /* EndStateView.swift in Sources */,
				613F1FA0F7B652DEB2F9314937877AD2 /* ErrorStateView.swift in Sources */,
				A3C71AC283D7B22243E8D997C4735AB9 /* PlaybackControlsView.swift in Sources */,
				65B33E9F7A92FB41E8F1D245969B958D /* PlaybackQueueView.swift in Sources */,
				95865F5BCC4EB4F550A1D17FBA68274E /* PlayerCanvasView.swift in Sources */,
				5F0EB52371A6B70E07E99A4D214CCF4F /* ResumeBannerView.swift in Sources */,
				CD2D9D60181A7E8DD75B123F82920847 /* SettingsView.swift in Sources */,
				73C0288B2BBF1F142D42DE1D9E426DE7 /* main.swift in Sources */,
			);
			runOnlyForDeploymentPostprocessing = 0;
		};
		B0886E32042EBBC1E05B5AF4978565DA /* Sources */ = {
			isa = PBXSourcesBuildPhase;
			buildActionMask = 2147483647;
			files = (
				4913559726488E39636D85348B56F3CB /* MediaPlaybackIntegrationTests.swift in Sources */,
				571796440AB161095D89B5CB1A3CFC54 /* PlayerPresentationTests.swift in Sources */,
			);
			runOnlyForDeploymentPostprocessing = 0;
		};
/* End PBXSourcesBuildPhase section */

/* Begin PBXTargetDependency section */
		1F943489B87ACE97D3C8E479BE668949 /* PBXTargetDependency */ = {
			isa = PBXTargetDependency;
			name = MKVPlayer;
			target = A6AF8E344EEFB378CDA2442BF9214F52 /* MKVPlayer */;
			targetProxy = 6D709CC12B5660CA888EC8B935BDC456 /* PBXContainerItemProxy */;
		};
/* End PBXTargetDependency section */

/* Begin XCBuildConfiguration section */
		66E5DC9D16AD597DA16AB8764DFEAF90 /* Release */ = {
			isa = XCBuildConfiguration;
			buildSettings = {
				ARCHS = "$(ARCHS_STANDARD)";
				ASSETCATALOG_COMPILER_APPICON_NAME = AppIcon;
				ASSETCATALOG_COMPILER_GLOBAL_ACCENT_COLOR_NAME = AccentColor;
				CODE_SIGN_ENTITLEMENTS = App/MKVPlayer/MKVPlayer.entitlements;
				COMBINE_HIDPI_IMAGES = YES;
				CURRENT_PROJECT_VERSION = 1;
				DEAD_CODE_STRIPPING = YES;
				ENABLE_APP_SANDBOX = YES;
				ENABLE_HARDENED_RUNTIME = YES;
				ENABLE_USER_SCRIPT_SANDBOXING = YES;
				GENERATE_INFOPLIST_FILE = NO;
				INFOPLIST_FILE = App/MKVPlayer/Info.plist;
				LD_RUNPATH_SEARCH_PATHS = "$(inherited) @executable_path/../Frameworks";
				MACOSX_DEPLOYMENT_TARGET = 14.0;
				MARKETING_VERSION = 0.1.0;
				PRODUCT_BUNDLE_IDENTIFIER = io.github.youssefsz.MKVPlayer;
				PRODUCT_NAME = "MKV Player";
				SDKROOT = macosx;
				SPARKLE_PUBLIC_ED_KEY = "";
				SWIFT_STRICT_CONCURRENCY = complete;
			};
			name = Release;
		};
		94FCE409393A7744311B27A2841D1E2E /* Debug */ = {
			isa = XCBuildConfiguration;
			buildSettings = {
				ALWAYS_SEARCH_USER_PATHS = NO;
				CLANG_ANALYZER_NONNULL = YES;
				CLANG_ANALYZER_NUMBER_OBJECT_CONVERSION = YES_AGGRESSIVE;
				CLANG_CXX_LANGUAGE_STANDARD = "gnu++14";
				CLANG_CXX_LIBRARY = "libc++";
				CLANG_ENABLE_MODULES = YES;
				CLANG_ENABLE_OBJC_ARC = YES;
				CLANG_ENABLE_OBJC_WEAK = YES;
				CLANG_WARN_BLOCK_CAPTURE_AUTORELEASING = YES;
				CLANG_WARN_BOOL_CONVERSION = YES;
				CLANG_WARN_COMMA = YES;
				CLANG_WARN_CONSTANT_CONVERSION = YES;
				CLANG_WARN_DEPRECATED_OBJC_IMPLEMENTATIONS = YES;
				CLANG_WARN_DIRECT_OBJC_ISA_USAGE = YES_ERROR;
				CLANG_WARN_DOCUMENTATION_COMMENTS = YES;
				CLANG_WARN_EMPTY_BODY = YES;
				CLANG_WARN_ENUM_CONVERSION = YES;
				CLANG_WARN_INFINITE_RECURSION = YES;
				CLANG_WARN_INT_CONVERSION = YES;
				CLANG_WARN_NON_LITERAL_NULL_CONVERSION = YES;
				CLANG_WARN_OBJC_IMPLICIT_RETAIN_SELF = YES;
				CLANG_WARN_OBJC_LITERAL_CONVERSION = YES;
				CLANG_WARN_OBJC_ROOT_CLASS = YES_ERROR;
				CLANG_WARN_QUOTED_INCLUDE_IN_FRAMEWORK_HEADER = YES;
				CLANG_WARN_RANGE_LOOP_ANALYSIS = YES;
				CLANG_WARN_STRICT_PROTOTYPES = YES;
				CLANG_WARN_SUSPICIOUS_MOVE = YES;
				CLANG_WARN_UNGUARDED_AVAILABILITY = YES_AGGRESSIVE;
				CLANG_WARN_UNREACHABLE_CODE = YES;
				CLANG_WARN__DUPLICATE_METHOD_MATCH = YES;
				COPY_PHASE_STRIP = NO;
				DEBUG_INFORMATION_FORMAT = dwarf;
				ENABLE_STRICT_OBJC_MSGSEND = YES;
				ENABLE_TESTABILITY = YES;
				GCC_C_LANGUAGE_STANDARD = gnu11;
				GCC_DYNAMIC_NO_PIC = NO;
				GCC_NO_COMMON_BLOCKS = YES;
				GCC_OPTIMIZATION_LEVEL = 0;
				GCC_PREPROCESSOR_DEFINITIONS = (
					"DEBUG=1",
					"$(inherited)",
				);
				GCC_WARN_64_TO_32_BIT_CONVERSION = YES;
				GCC_WARN_ABOUT_RETURN_TYPE = YES_ERROR;
				GCC_WARN_UNDECLARED_SELECTOR = YES;
				GCC_WARN_UNINITIALIZED_AUTOS = YES_AGGRESSIVE;
				GCC_WARN_UNUSED_FUNCTION = YES;
				GCC_WARN_UNUSED_VARIABLE = YES;
				MACOSX_DEPLOYMENT_TARGET = 14.0;
				MTL_ENABLE_DEBUG_INFO = INCLUDE_SOURCE;
				MTL_FAST_MATH = YES;
				ONLY_ACTIVE_ARCH = YES;
				PRODUCT_NAME = "$(TARGET_NAME)";
				SWIFT_ACTIVE_COMPILATION_CONDITIONS = DEBUG;
				SWIFT_OPTIMIZATION_LEVEL = "-Onone";
				SWIFT_VERSION = 6.0;
			};
			name = Debug;
		};
		A389DE4759CBCB2C7A07B71DF20D4FB2 /* Debug */ = {
			isa = XCBuildConfiguration;
			buildSettings = {
				BUNDLE_LOADER = "$(TEST_HOST)";
				GENERATE_INFOPLIST_FILE = YES;
				MACOSX_DEPLOYMENT_TARGET = 14.0;
				OTHER_LDFLAGS = (
					"$(inherited)",
					"-framework",
					AppIntents,
				);
				PRODUCT_BUNDLE_IDENTIFIER = io.github.youssefsz.MKVPlayerTests;
				SDKROOT = macosx;
				SWIFT_ACTIVE_COMPILATION_CONDITIONS = "$(inherited) $(MKVPLAYER_TEST_COMPILATION_CONDITION)";
				SWIFT_STRICT_CONCURRENCY = complete;
				TEST_HOST = "$(BUILT_PRODUCTS_DIR)/MKV Player.app/Contents/MacOS/MKV Player";
			};
			name = Debug;
		};
		BE986B442C388E572823BAECAFB945F8 /* Debug */ = {
			isa = XCBuildConfiguration;
			buildSettings = {
				ARCHS = "$(ARCHS_STANDARD)";
				ASSETCATALOG_COMPILER_APPICON_NAME = AppIcon;
				ASSETCATALOG_COMPILER_GLOBAL_ACCENT_COLOR_NAME = AccentColor;
				CODE_SIGN_ENTITLEMENTS = App/MKVPlayer/MKVPlayer.entitlements;
				COMBINE_HIDPI_IMAGES = YES;
				CURRENT_PROJECT_VERSION = 1;
				DEAD_CODE_STRIPPING = YES;
				ENABLE_APP_SANDBOX = YES;
				ENABLE_HARDENED_RUNTIME = NO;
				ENABLE_USER_SCRIPT_SANDBOXING = YES;
				GENERATE_INFOPLIST_FILE = NO;
				INFOPLIST_FILE = App/MKVPlayer/Info.plist;
				LD_RUNPATH_SEARCH_PATHS = "$(inherited) @executable_path/../Frameworks";
				MACOSX_DEPLOYMENT_TARGET = 14.0;
				MARKETING_VERSION = 0.1.0;
				PRODUCT_BUNDLE_IDENTIFIER = io.github.youssefsz.MKVPlayer;
				PRODUCT_NAME = "MKV Player";
				SDKROOT = macosx;
				SPARKLE_PUBLIC_ED_KEY = "";
				SWIFT_STRICT_CONCURRENCY = complete;
			};
			name = Debug;
		};
		C806685BFCCFCE6B7DE7AC07BB677FBF /* Release */ = {
			isa = XCBuildConfiguration;
			buildSettings = {
				BUNDLE_LOADER = "$(TEST_HOST)";
				GENERATE_INFOPLIST_FILE = YES;
				MACOSX_DEPLOYMENT_TARGET = 14.0;
				OTHER_LDFLAGS = (
					"$(inherited)",
					"-framework",
					AppIntents,
				);
				PRODUCT_BUNDLE_IDENTIFIER = io.github.youssefsz.MKVPlayerTests;
				SDKROOT = macosx;
				SWIFT_ACTIVE_COMPILATION_CONDITIONS = "$(inherited) $(MKVPLAYER_TEST_COMPILATION_CONDITION)";
				SWIFT_STRICT_CONCURRENCY = complete;
				TEST_HOST = "$(BUILT_PRODUCTS_DIR)/MKV Player.app/Contents/MacOS/MKV Player";
			};
			name = Release;
		};
		FEFBCEAC27CD68A0CC5F404E33AFEDE6 /* Release */ = {
			isa = XCBuildConfiguration;
			buildSettings = {
				ALWAYS_SEARCH_USER_PATHS = NO;
				CLANG_ANALYZER_NONNULL = YES;
				CLANG_ANALYZER_NUMBER_OBJECT_CONVERSION = YES_AGGRESSIVE;
				CLANG_CXX_LANGUAGE_STANDARD = "gnu++14";
				CLANG_CXX_LIBRARY = "libc++";
				CLANG_ENABLE_MODULES = YES;
				CLANG_ENABLE_OBJC_ARC = YES;
				CLANG_ENABLE_OBJC_WEAK = YES;
				CLANG_WARN_BLOCK_CAPTURE_AUTORELEASING = YES;
				CLANG_WARN_BOOL_CONVERSION = YES;
				CLANG_WARN_COMMA = YES;
				CLANG_WARN_CONSTANT_CONVERSION = YES;
				CLANG_WARN_DEPRECATED_OBJC_IMPLEMENTATIONS = YES;
				CLANG_WARN_DIRECT_OBJC_ISA_USAGE = YES_ERROR;
				CLANG_WARN_DOCUMENTATION_COMMENTS = YES;
				CLANG_WARN_EMPTY_BODY = YES;
				CLANG_WARN_ENUM_CONVERSION = YES;
				CLANG_WARN_INFINITE_RECURSION = YES;
				CLANG_WARN_INT_CONVERSION = YES;
				CLANG_WARN_NON_LITERAL_NULL_CONVERSION = YES;
				CLANG_WARN_OBJC_IMPLICIT_RETAIN_SELF = YES;
				CLANG_WARN_OBJC_LITERAL_CONVERSION = YES;
				CLANG_WARN_OBJC_ROOT_CLASS = YES_ERROR;
				CLANG_WARN_QUOTED_INCLUDE_IN_FRAMEWORK_HEADER = YES;
				CLANG_WARN_RANGE_LOOP_ANALYSIS = YES;
				CLANG_WARN_STRICT_PROTOTYPES = YES;
				CLANG_WARN_SUSPICIOUS_MOVE = YES;
				CLANG_WARN_UNGUARDED_AVAILABILITY = YES_AGGRESSIVE;
				CLANG_WARN_UNREACHABLE_CODE = YES;
				CLANG_WARN__DUPLICATE_METHOD_MATCH = YES;
				COPY_PHASE_STRIP = NO;
				DEBUG_INFORMATION_FORMAT = "dwarf-with-dsym";
				ENABLE_NS_ASSERTIONS = NO;
				ENABLE_STRICT_OBJC_MSGSEND = YES;
				GCC_C_LANGUAGE_STANDARD = gnu11;
				GCC_NO_COMMON_BLOCKS = YES;
				GCC_WARN_64_TO_32_BIT_CONVERSION = YES;
				GCC_WARN_ABOUT_RETURN_TYPE = YES_ERROR;
				GCC_WARN_UNDECLARED_SELECTOR = YES;
				GCC_WARN_UNINITIALIZED_AUTOS = YES_AGGRESSIVE;
				GCC_WARN_UNUSED_FUNCTION = YES;
				GCC_WARN_UNUSED_VARIABLE = YES;
				MACOSX_DEPLOYMENT_TARGET = 14.0;
				MTL_ENABLE_DEBUG_INFO = NO;
				MTL_FAST_MATH = YES;
				PRODUCT_NAME = "$(TARGET_NAME)";
				SWIFT_COMPILATION_MODE = wholemodule;
				SWIFT_OPTIMIZATION_LEVEL = "-O";
				SWIFT_VERSION = 6.0;
			};
			name = Release;
		};
/* End XCBuildConfiguration section */

/* Begin XCConfigurationList section */
		41648E5A7B118FF18EBA8C48F69AE233 /* Build configuration list for PBXProject "MKVPlayer" */ = {
			isa = XCConfigurationList;
			buildConfigurations = (
				94FCE409393A7744311B27A2841D1E2E /* Debug */,
				FEFBCEAC27CD68A0CC5F404E33AFEDE6 /* Release */,
			);
			defaultConfigurationIsVisible = 0;
			defaultConfigurationName = Release;
		};
		989E5D135D7C6177C2403FDE8E985C43 /* Build configuration list for PBXNativeTarget "MKVPlayerTests" */ = {
			isa = XCConfigurationList;
			buildConfigurations = (
				C806685BFCCFCE6B7DE7AC07BB677FBF /* Release */,
				A389DE4759CBCB2C7A07B71DF20D4FB2 /* Debug */,
			);
			defaultConfigurationIsVisible = 0;
			defaultConfigurationName = Release;
		};
		A6C43560621426BFE0C6AC4E57603394 /* Build configuration list for PBXNativeTarget "MKVPlayer" */ = {
			isa = XCConfigurationList;
			buildConfigurations = (
				66E5DC9D16AD597DA16AB8764DFEAF90 /* Release */,
				BE986B442C388E572823BAECAFB945F8 /* Debug */,
			);
			defaultConfigurationIsVisible = 0;
			defaultConfigurationName = Release;
		};
/* End XCConfigurationList section */

/* Begin XCLocalSwiftPackageReference section */
		45C19484A2B17E7C82AC2349F784F485 /* XCLocalSwiftPackageReference "MPVKit" */ = {
			isa = XCLocalSwiftPackageReference;
			relativePath = Packages/MPVKit;
		};
		729985B1105DE853929A65D1EC88D519 /* XCLocalSwiftPackageReference "PlayerCore" */ = {
			isa = XCLocalSwiftPackageReference;
			relativePath = Packages/PlayerCore;
		};
/* End XCLocalSwiftPackageReference section */

/* Begin XCRemoteSwiftPackageReference section */
		88D14BF9ACB64882CAF1C78AA3497EB9 /* XCRemoteSwiftPackageReference "Sparkle" */ = {
			isa = XCRemoteSwiftPackageReference;
			repositoryURL = "https://github.com/sparkle-project/Sparkle";
			requirement = {
				kind = exactVersion;
				version = 2.9.2;
			};
		};
/* End XCRemoteSwiftPackageReference section */

/* Begin XCSwiftPackageProductDependency section */
		A6D5DE66EBB373A7E9F3F8E3697AFF94 /* PlayerCore */ = {
			isa = XCSwiftPackageProductDependency;
			package = 729985B1105DE853929A65D1EC88D519 /* XCLocalSwiftPackageReference "PlayerCore" */;
			productName = PlayerCore;
		};
		C7A46087010CCBA2A5C131721FC7919B /* MPVKit */ = {
			isa = XCSwiftPackageProductDependency;
			package = 45C19484A2B17E7C82AC2349F784F485 /* XCLocalSwiftPackageReference "MPVKit" */;
			productName = MPVKit;
		};
		CDEEB810D3282EEBE778F10AB6554AC1 /* Sparkle */ = {
			isa = XCSwiftPackageProductDependency;
			package = 88D14BF9ACB64882CAF1C78AA3497EB9 /* XCRemoteSwiftPackageReference "Sparkle" */;
			productName = Sparkle;
		};
		D481E7F90B58734152A67EB8392D1065 /* MPVKit */ = {
			isa = XCSwiftPackageProductDependency;
			package = 45C19484A2B17E7C82AC2349F784F485 /* XCLocalSwiftPackageReference "MPVKit" */;
			productName = MPVKit;
		};
		F7B78DC699A60BEE74047B021A463509 /* PlayerCore */ = {
			isa = XCSwiftPackageProductDependency;
			package = 729985B1105DE853929A65D1EC88D519 /* XCLocalSwiftPackageReference "PlayerCore" */;
			productName = PlayerCore;
		};
/* End XCSwiftPackageProductDependency section */
	};
	rootObject = C05A3344B6333BC1C1DB620B8917FC8B /* Project object */;
}
