// !$*UTF8*$!
{
	archiveVersion = 1;
	classes = {
	};
	objectVersion = 46;
	objects = {

/* Begin PBXBuildFile section */
		0978F6AAF10EE50E4C0161E7D4827635 /* PlayerWindowController.swift in Sources */ = {isa = PBXBuildFile; fileRef = F6B7D1DE6FAB3BA2DBDC79A67C580D8C /* PlayerWindowController.swift */; };
		0F1ACA3D330A456991E68A062635A6EA /* PlayerCore in Frameworks */ = {isa = PBXBuildFile; productRef = A6D5DE66EBB373A7E9F3F8E3697AFF94 /* PlayerCore */; };
		16B1F8191DF3CE0546C7A7E3928BF0D2 /* SettingsWindowController.swift in Sources */ = {isa = PBXBuildFile; fileRef = C01CCE1E2865EF758D899B8542ECC21A /* SettingsWindowController.swift */; };
		1A4FE318283EDDA397255AA51D6ECD0F /* MPVKit in Frameworks */ = {isa = PBXBuildFile; productRef = D481E7F90B58734152A67EB8392D1065 /* MPVKit */; };
		21CF054C17241308F8B0666B7FC1D553 /* Cocoa.framework in Frameworks */ = {isa = PBXBuildFile; fileRef = 809A8D5E1CF772FE31A5D4F5B2502930 /* Cocoa.framework */; };
		2E6B1E08175FFCB777B7A7B48FA7BB07 /* SettingsView.swift in Sources */ = {isa = PBXBuildFile; fileRef = D3CFEC2B72EB1808EAE0921DE2C3AC92 /* SettingsView.swift */; };
		2F253307F8AC86F7C8B4012B2372E10F /* AppMenuController.swift in Sources */ = {isa = PBXBuildFile; fileRef = 052258C2FBAAD8E9167A9F371F32A343 /* AppMenuController.swift */; };
		34ECAEF40B5C5B2C19C60516EB88AA7E /* PlayerPreferences.swift in Sources */ = {isa = PBXBuildFile; fileRef = 0C1B515923215C80DAE2F70BE00D4878 /* PlayerPreferences.swift */; };
		35A75463107EDA59DB227ED8363C137E /* EmptyStateView.swift in Sources */ = {isa = PBXBuildFile; fileRef = FB5F3BCB613B29A4BF8966D3B10B11D0 /* EmptyStateView.swift */; };
		35BA8DA4812E1A8B4AF17EAA3F2036A8 /* PlayerCanvasView.swift in Sources */ = {isa = PBXBuildFile; fileRef = 872A60DA8990CAFC8BA77E95A8A642E2 /* PlayerCanvasView.swift */; };
		38E83A16CBCD32E94A05B464B142196A /* RecentFilesController.swift in Sources */ = {isa = PBXBuildFile; fileRef = 482F87734F9664C90951BEA662197C43 /* RecentFilesController.swift */; };
		4913559726488E39636D85348B56F3CB /* MediaPlaybackIntegrationTests.swift in Sources */ = {isa = PBXBuildFile; fileRef = DC970F24E2FD67D6850396C0A8B94572 /* MediaPlaybackIntegrationTests.swift */; };
		4BFA61F7AC0BF2190E9CA75CB324490D /* UpdateSettingsModel.swift in Sources */ = {isa = PBXBuildFile; fileRef = 2D44CD1C375FB291014CFFD1C7859AF6 /* UpdateSettingsModel.swift */; };
		4D830C83302B3DBDBC459709F54623FA /* PlayerCore in Frameworks */ = {isa = PBXBuildFile; productRef = 06FD3122B04446DC0A76BB7A13A3BBCF /* PlayerCore */; };
		51600270607CA04F113885DFF654CB79 /* Sparkle in Frameworks */ = {isa = PBXBuildFile; productRef = 24C835C4DE5DC1616AA2A1B34B8EAEBB /* Sparkle */; };
		571796440AB161095D89B5CB1A3CFC54 /* PlayerPresentationTests.swift in Sources */ = {isa = PBXBuildFile; fileRef = 3487BFDAA02CBF4580AD85566F16FBEA /* PlayerPresentationTests.swift */; };
		59054D6FC87F83F695D2AACC6F2B663A /* main.swift in Sources */ = {isa = PBXBuildFile; fileRef = 107B0B32F5198AB07AAF1A2E3C1E6AAF /* main.swift */; };
		612FB4C8C25E8BB3EE504C58E7867DCB /* ActionControls.swift in Sources */ = {isa = PBXBuildFile; fileRef = D7DDDCDF39F401A2FF8F10D34BE5D998 /* ActionControls.swift */; };
		6F0D67C4AB1D6DC7ECD88AFA1A87636E /* PlayerViewController.swift in Sources */ = {isa = PBXBuildFile; fileRef = B6B79750489D815E60A37D43BE52FCB1 /* PlayerViewController.swift */; };
		738085981F0A00DADDE5D4877F1E11C1 /* ErrorStateView.swift in Sources */ = {isa = PBXBuildFile; fileRef = 6B437822EC182D8CA2A8CFE4383AF0BB /* ErrorStateView.swift */; };
		85D9886C71151A94614B45BB5446ACEF /* DropOverlayView.swift in Sources */ = {isa = PBXBuildFile; fileRef = 90CA937D069421BB10455B4560FB8CB8 /* DropOverlayView.swift */; };
		87AFC424602640E6A9609EA9D5A54F6A /* PlaybackActivityController.swift in Sources */ = {isa = PBXBuildFile; fileRef = 212AD1ADA22A069F7FA54B41082DD77D /* PlaybackActivityController.swift */; };
		88FB3EE1AC71CF6A47C6003DD75B0123 /* Assets.xcassets in Resources */ = {isa = PBXBuildFile; fileRef = 85F22F257C2E1629AE6BB8DE70E20967 /* Assets.xcassets */; };
		8BF9267952E8CC1736AD4281AC07822A /* PlayerPresentationAdapter.swift in Sources */ = {isa = PBXBuildFile; fileRef = DCABD4EFB5FD951C81652C1D1CEC311E /* PlayerPresentationAdapter.swift */; };
		97D1F374270F9F9B43983CE4DEFAD20E /* PlayerPresentationState.swift in Sources */ = {isa = PBXBuildFile; fileRef = F72D62A7A4D3A315B11F7EBA30708972 /* PlayerPresentationState.swift */; };
		A06E433E95B2F6841A62F7DEA68C023F /* ResumeBannerView.swift in Sources */ = {isa = PBXBuildFile; fileRef = 7DDB602E389A684FB12976C1C750A3B9 /* ResumeBannerView.swift */; };
		A316B4D60D8774EC113AB66B25E668F6 /* MPVKit in Frameworks */ = {isa = PBXBuildFile; productRef = D8BC590CB9F2B8282DA43A3566A3FD9A /* MPVKit */; };
		B0DFB6B391685C678786645FB27EFE6C /* MediaCore.xcframework in Embed Media Core */ = {isa = PBXBuildFile; fileRef = FFBA790D8CE80A14CCD0222922B03195 /* MediaCore.xcframework */; settings = {ATTRIBUTES = (CodeSignOnCopy, RemoveHeadersOnCopy, ); }; };
		B635A09A2E1FA8F3E70B898B8BD881BA /* PlayerWindow.swift in Sources */ = {isa = PBXBuildFile; fileRef = FBAA9004FD80B560F77CF7814456341A /* PlayerWindow.swift */; };
		BDD4F6663146B9BE4CEBC876AE61F4AF /* KeyboardSeekGesture.swift in Sources */ = {isa = PBXBuildFile; fileRef = F03DD520248A116C4E03714BC8021F87 /* KeyboardSeekGesture.swift */; };
		C47333ACF94A833DAE0DBA462630AE71 /* Cocoa.framework in Frameworks */ = {isa = PBXBuildFile; fileRef = 809A8D5E1CF772FE31A5D4F5B2502930 /* Cocoa.framework */; };
		D0594F43926AD23ACD38FCA2AB0E37FB /* EndStateView.swift in Sources */ = {isa = PBXBuildFile; fileRef = 85D72A48525B1C6D97DAECAC28F2127F /* EndStateView.swift */; };
		DA7F1E2726B8B4E43FF77F206269314C /* MediaCore.xcframework in Frameworks */ = {isa = PBXBuildFile; fileRef = FFBA790D8CE80A14CCD0222922B03195 /* MediaCore.xcframework */; };
		EC81DBCD417E700FAABE389FE5A47E8B /* PlaybackControlsView.swift in Sources */ = {isa = PBXBuildFile; fileRef = 88ABBD9AEE7639E1CBEE8D5BC6FD0AEB /* PlaybackControlsView.swift */; };
		ED8408CD61446CBDEF03D88E001697D4 /* PlaybackQueueView.swift in Sources */ = {isa = PBXBuildFile; fileRef = 9F69B394E640AEA41B136E3FAE82D96B /* PlaybackQueueView.swift */; };
		F726981D10305CB78E8CBA626CF2E9DD /* AppDelegate.swift in Sources */ = {isa = PBXBuildFile; fileRef = C45E293274AEDB5716F76EE9BF5C3DA3 /* AppDelegate.swift */; };
/* End PBXBuildFile section */

/* Begin PBXContainerItemProxy section */
		6D709CC12B5660CA888EC8B935BDC456 /* PBXContainerItemProxy */ = {
			isa = PBXContainerItemProxy;
			containerPortal = C05A3344B6333BC1C1DB620B8917FC8B /* Project object */;
			proxyType = 1;
			remoteGlobalIDString = 5B0B057B45BD67801395F19CA8C8FC36;
			remoteInfo = MKVPlayer;
		};
/* End PBXContainerItemProxy section */

/* Begin PBXCopyFilesBuildPhase section */
		93D54EAC47D7789CFBCC6DB2687478E2 /* Embed Media Core */ = {
			isa = PBXCopyFilesBuildPhase;
			buildActionMask = 2147483647;
			dstPath = "";
			dstSubfolderSpec = 10;
			files = (
				B0DFB6B391685C678786645FB27EFE6C /* MediaCore.xcframework in Embed Media Core */,
			);
			name = "Embed Media Core";
			runOnlyForDeploymentPostprocessing = 0;
		};
/* End PBXCopyFilesBuildPhase section */

/* Begin PBXFileReference section */
		052258C2FBAAD8E9167A9F371F32A343 /* AppMenuController.swift */ = {isa = PBXFileReference; includeInIndex = 1; lastKnownFileType = sourcecode.swift; path = AppMenuController.swift; sourceTree = "<group>"; };
		0C1B515923215C80DAE2F70BE00D4878 /* PlayerPreferences.swift */ = {isa = PBXFileReference; includeInIndex = 1; lastKnownFileType = sourcecode.swift; name = PlayerPreferences.swift; path = Support/PlayerPreferences.swift; sourceTree = "<group>"; };
		107B0B32F5198AB07AAF1A2E3C1E6AAF /* main.swift */ = {isa = PBXFileReference; includeInIndex = 1; lastKnownFileType = sourcecode.swift; path = main.swift; sourceTree = "<group>"; };
		212AD1ADA22A069F7FA54B41082DD77D /* PlaybackActivityController.swift */ = {isa = PBXFileReference; includeInIndex = 1; lastKnownFileType = sourcecode.swift; name = PlaybackActivityController.swift; path = Support/PlaybackActivityController.swift; sourceTree = "<group>"; };
		2D44CD1C375FB291014CFFD1C7859AF6 /* UpdateSettingsModel.swift */ = {isa = PBXFileReference; includeInIndex = 1; lastKnownFileType = sourcecode.swift; name = UpdateSettingsModel.swift; path = Support/UpdateSettingsModel.swift; sourceTree = "<group>"; };
		3487BFDAA02CBF4580AD85566F16FBEA /* PlayerPresentationTests.swift */ = {isa = PBXFileReference; includeInIndex = 1; lastKnownFileType = sourcecode.swift; path = PlayerPresentationTests.swift; sourceTree = "<group>"; };
		482F87734F9664C90951BEA662197C43 /* RecentFilesController.swift */ = {isa = PBXFileReference; includeInIndex = 1; lastKnownFileType = sourcecode.swift; name = RecentFilesController.swift; path = Support/RecentFilesController.swift; sourceTree = "<group>"; };
		6B437822EC182D8CA2A8CFE4383AF0BB /* ErrorStateView.swift */ = {isa = PBXFileReference; includeInIndex = 1; lastKnownFileType = sourcecode.swift; name = ErrorStateView.swift; path = Views/ErrorStateView.swift; sourceTree = "<group>"; };
		7DDB602E389A684FB12976C1C750A3B9 /* ResumeBannerView.swift */ = {isa = PBXFileReference; includeInIndex = 1; lastKnownFileType = sourcecode.swift; name = ResumeBannerView.swift; path = Views/ResumeBannerView.swift; sourceTree = "<group>"; };
		809A8D5E1CF772FE31A5D4F5B2502930 /* Cocoa.framework */ = {isa = PBXFileReference; lastKnownFileType = wrapper.framework; name = Cocoa.framework; path = Platforms/MacOSX.platform/Developer/SDKs/MacOSX15.0.sdk/System/Library/Frameworks/Cocoa.framework; sourceTree = DEVELOPER_DIR; };
		85D72A48525B1C6D97DAECAC28F2127F /* EndStateView.swift */ = {isa = PBXFileReference; includeInIndex = 1; lastKnownFileType = sourcecode.swift; name = EndStateView.swift; path = Views/EndStateView.swift; sourceTree = "<group>"; };
		85F22F257C2E1629AE6BB8DE70E20967 /* Assets.xcassets */ = {isa = PBXFileReference; includeInIndex = 1; lastKnownFileType = folder.assetcatalog; name = Assets.xcassets; path = Resources/Assets.xcassets; sourceTree = "<group>"; };
		872A60DA8990CAFC8BA77E95A8A642E2 /* PlayerCanvasView.swift */ = {isa = PBXFileReference; includeInIndex = 1; lastKnownFileType = sourcecode.swift; name = PlayerCanvasView.swift; path = Views/PlayerCanvasView.swift; sourceTree = "<group>"; };
		88ABBD9AEE7639E1CBEE8D5BC6FD0AEB /* PlaybackControlsView.swift */ = {isa = PBXFileReference; includeInIndex = 1; lastKnownFileType = sourcecode.swift; name = PlaybackControlsView.swift; path = Views/PlaybackControlsView.swift; sourceTree = "<group>"; };
		90CA937D069421BB10455B4560FB8CB8 /* DropOverlayView.swift */ = {isa = PBXFileReference; includeInIndex = 1; lastKnownFileType = sourcecode.swift; name = DropOverlayView.swift; path = Views/DropOverlayView.swift; sourceTree = "<group>"; };
		9F69B394E640AEA41B136E3FAE82D96B /* PlaybackQueueView.swift */ = {isa = PBXFileReference; includeInIndex = 1; lastKnownFileType = sourcecode.swift; name = PlaybackQueueView.swift; path = Views/PlaybackQueueView.swift; sourceTree = "<group>"; };
		B6B79750489D815E60A37D43BE52FCB1 /* PlayerViewController.swift */ = {isa = PBXFileReference; includeInIndex = 1; lastKnownFileType = sourcecode.swift; path = PlayerViewController.swift; sourceTree = "<group>"; };
		C01CCE1E2865EF758D899B8542ECC21A /* SettingsWindowController.swift */ = {isa = PBXFileReference; includeInIndex = 1; lastKnownFileType = sourcecode.swift; path = SettingsWindowController.swift; sourceTree = "<group>"; };
		C45E293274AEDB5716F76EE9BF5C3DA3 /* AppDelegate.swift */ = {isa = PBXFileReference; includeInIndex = 1; lastKnownFileType = sourcecode.swift; path = AppDelegate.swift; sourceTree = "<group>"; };
		D3CFEC2B72EB1808EAE0921DE2C3AC92 /* SettingsView.swift */ = {isa = PBXFileReference; includeInIndex = 1; lastKnownFileType = sourcecode.swift; name = SettingsView.swift; path = Views/SettingsView.swift; sourceTree = "<group>"; };
		D7DDDCDF39F401A2FF8F10D34BE5D998 /* ActionControls.swift */ = {isa = PBXFileReference; includeInIndex = 1; lastKnownFileType = sourcecode.swift; name = ActionControls.swift; path = Views/ActionControls.swift; sourceTree = "<group>"; };
		DC970F24E2FD67D6850396C0A8B94572 /* MediaPlaybackIntegrationTests.swift */ = {isa = PBXFileReference; includeInIndex = 1; lastKnownFileType = sourcecode.swift; path = MediaPlaybackIntegrationTests.swift; sourceTree = "<group>"; };
		DCABD4EFB5FD951C81652C1D1CEC311E /* PlayerPresentationAdapter.swift */ = {isa = PBXFileReference; includeInIndex = 1; lastKnownFileType = sourcecode.swift; name = PlayerPresentationAdapter.swift; path = Support/PlayerPresentationAdapter.swift; sourceTree = "<group>"; };
		EB48258B233EBE9D08DBCFC219C7BA4A /* MKV Player.app */ = {isa = PBXFileReference; explicitFileType = wrapper.application; includeInIndex = 0; name = "MKV Player.app"; path = "MKV Player.app"; sourceTree = BUILT_PRODUCTS_DIR; };
		EF7C79C49BA4712E807218819A53F865 /* MKVPlayerTests.xctest */ = {isa = PBXFileReference; explicitFileType = wrapper.cfbundle; includeInIndex = 0; path = MKVPlayerTests.xctest; sourceTree = BUILT_PRODUCTS_DIR; };
		F03DD520248A116C4E03714BC8021F87 /* KeyboardSeekGesture.swift */ = {isa = PBXFileReference; includeInIndex = 1; lastKnownFileType = sourcecode.swift; name = KeyboardSeekGesture.swift; path = Support/KeyboardSeekGesture.swift; sourceTree = "<group>"; };
		F6B7D1DE6FAB3BA2DBDC79A67C580D8C /* PlayerWindowController.swift */ = {isa = PBXFileReference; includeInIndex = 1; lastKnownFileType = sourcecode.swift; path = PlayerWindowController.swift; sourceTree = "<group>"; };
		F72D62A7A4D3A315B11F7EBA30708972 /* PlayerPresentationState.swift */ = {isa = PBXFileReference; includeInIndex = 1; lastKnownFileType = sourcecode.swift; name = PlayerPresentationState.swift; path = Support/PlayerPresentationState.swift; sourceTree = "<group>"; };
		FB5F3BCB613B29A4BF8966D3B10B11D0 /* EmptyStateView.swift */ = {isa = PBXFileReference; includeInIndex = 1; lastKnownFileType = sourcecode.swift; name = EmptyStateView.swift; path = Views/EmptyStateView.swift; sourceTree = "<group>"; };
		FBAA9004FD80B560F77CF7814456341A /* PlayerWindow.swift */ = {isa = PBXFileReference; includeInIndex = 1; lastKnownFileType = sourcecode.swift; path = PlayerWindow.swift; sourceTree = "<group>"; };
		FFBA790D8CE80A14CCD0222922B03195 /* MediaCore.xcframework */ = {isa = PBXFileReference; includeInIndex = 1; path = MediaCore.xcframework; sourceTree = "<group>"; };
/* End PBXFileReference section */

/* Begin PBXFrameworksBuildPhase section */
		E090EC407A3CE6DB5E0B64AC3697A44A /* Frameworks */ = {
			isa = PBXFrameworksBuildPhase;
			buildActionMask = 2147483647;
			files = (
				21CF054C17241308F8B0666B7FC1D553 /* Cocoa.framework in Frameworks */,
				0F1ACA3D330A456991E68A062635A6EA /* PlayerCore in Frameworks */,
				1A4FE318283EDDA397255AA51D6ECD0F /* MPVKit in Frameworks */,
			);
			runOnlyForDeploymentPostprocessing = 0;
		};
		F96AACD87A85E38FFBA8F6EC19D88D04 /* Frameworks */ = {
			isa = PBXFrameworksBuildPhase;
			buildActionMask = 2147483647;
			files = (
				C47333ACF94A833DAE0DBA462630AE71 /* Cocoa.framework in Frameworks */,
				4D830C83302B3DBDBC459709F54623FA /* PlayerCore in Frameworks */,
				A316B4D60D8774EC113AB66B25E668F6 /* MPVKit in Frameworks */,
				51600270607CA04F113885DFF654CB79 /* Sparkle in Frameworks */,
				DA7F1E2726B8B4E43FF77F206269314C /* MediaCore.xcframework in Frameworks */,
			);
			runOnlyForDeploymentPostprocessing = 0;
		};
/* End PBXFrameworksBuildPhase section */

/* Begin PBXGroup section */
		28EFC0BB423481E7A186980C722814A1 /* MKVPlayerTests */ = {
			isa = PBXGroup;
			children = (
				DC970F24E2FD67D6850396C0A8B94572 /* MediaPlaybackIntegrationTests.swift */,
				3487BFDAA02CBF4580AD85566F16FBEA /* PlayerPresentationTests.swift */,
			);
			name = MKVPlayerTests;
			path = App/MKVPlayerTests;
			sourceTree = "<group>";
		};
		42BBD1A224E9155564DDDF04CAFA6A2A /* Frameworks */ = {
			isa = PBXGroup;
			children = (
				785EF57798AF8006A685B4E294AB6EA4 /* OS X */,
			);
			name = Frameworks;
			sourceTree = "<group>";
		};
		63CF71AC6881C0409C6702A2AFF1938E = {
			isa = PBXGroup;
			children = (
				C61B5F1B83F21D526B4A3EC48BAB38FB /* Products */,
				42BBD1A224E9155564DDDF04CAFA6A2A /* Frameworks */,
				7326466BABA1CB4D1C3790C23183EAA3 /* App */,
				28EFC0BB423481E7A186980C722814A1 /* MKVPlayerTests */,
				DF34809F7A2ADDE6BDCEE8A9B29884AA /* Vendor */,
			);
			sourceTree = "<group>";
		};
		7326466BABA1CB4D1C3790C23183EAA3 /* App */ = {
			isa = PBXGroup;
			children = (
				E3BD4E44A9DBB8ADE8D4BDABB8DBF1E4 /* MKVPlayer */,
			);
			name = App;
			path = App;
			sourceTree = "<group>";
		};
		785EF57798AF8006A685B4E294AB6EA4 /* OS X */ = {
			isa = PBXGroup;
			children = (
				809A8D5E1CF772FE31A5D4F5B2502930 /* Cocoa.framework */,
			);
			name = "OS X";
			sourceTree = "<group>";
		};
		C61B5F1B83F21D526B4A3EC48BAB38FB /* Products */ = {
			isa = PBXGroup;
			children = (
				EB48258B233EBE9D08DBCFC219C7BA4A /* MKV Player.app */,
				EF7C79C49BA4712E807218819A53F865 /* MKVPlayerTests.xctest */,
			);
			name = Products;
			sourceTree = "<group>";
		};
		DF34809F7A2ADDE6BDCEE8A9B29884AA /* Vendor */ = {
			isa = PBXGroup;
			children = (
				FFBA790D8CE80A14CCD0222922B03195 /* MediaCore.xcframework */,
			);
			name = Vendor;
			path = Vendor;
			sourceTree = "<group>";
		};
		E3BD4E44A9DBB8ADE8D4BDABB8DBF1E4 /* MKVPlayer */ = {
			isa = PBXGroup;
			children = (
				C45E293274AEDB5716F76EE9BF5C3DA3 /* AppDelegate.swift */,
				052258C2FBAAD8E9167A9F371F32A343 /* AppMenuController.swift */,
				B6B79750489D815E60A37D43BE52FCB1 /* PlayerViewController.swift */,
				FBAA9004FD80B560F77CF7814456341A /* PlayerWindow.swift */,
				F6B7D1DE6FAB3BA2DBDC79A67C580D8C /* PlayerWindowController.swift */,
				C01CCE1E2865EF758D899B8542ECC21A /* SettingsWindowController.swift */,
				F03DD520248A116C4E03714BC8021F87 /* KeyboardSeekGesture.swift */,
				212AD1ADA22A069F7FA54B41082DD77D /* PlaybackActivityController.swift */,
				0C1B515923215C80DAE2F70BE00D4878 /* PlayerPreferences.swift */,
				DCABD4EFB5FD951C81652C1D1CEC311E /* PlayerPresentationAdapter.swift */,
				F72D62A7A4D3A315B11F7EBA30708972 /* PlayerPresentationState.swift */,
				482F87734F9664C90951BEA662197C43 /* RecentFilesController.swift */,
				2D44CD1C375FB291014CFFD1C7859AF6 /* UpdateSettingsModel.swift */,
				D7DDDCDF39F401A2FF8F10D34BE5D998 /* ActionControls.swift */,
				90CA937D069421BB10455B4560FB8CB8 /* DropOverlayView.swift */,
				FB5F3BCB613B29A4BF8966D3B10B11D0 /* EmptyStateView.swift */,
				85D72A48525B1C6D97DAECAC28F2127F /* EndStateView.swift */,
				6B437822EC182D8CA2A8CFE4383AF0BB /* ErrorStateView.swift */,
				88ABBD9AEE7639E1CBEE8D5BC6FD0AEB /* PlaybackControlsView.swift */,
				9F69B394E640AEA41B136E3FAE82D96B /* PlaybackQueueView.swift */,
				872A60DA8990CAFC8BA77E95A8A642E2 /* PlayerCanvasView.swift */,
				7DDB602E389A684FB12976C1C750A3B9 /* ResumeBannerView.swift */,
				D3CFEC2B72EB1808EAE0921DE2C3AC92 /* SettingsView.swift */,
				107B0B32F5198AB07AAF1A2E3C1E6AAF /* main.swift */,
				85F22F257C2E1629AE6BB8DE70E20967 /* Assets.xcassets */,
			);
			name = MKVPlayer;
			path = MKVPlayer;
			sourceTree = "<group>";
		};
/* End PBXGroup section */

/* Begin PBXNativeTarget section */
		5B0B057B45BD67801395F19CA8C8FC36 /* MKVPlayer */ = {
			isa = PBXNativeTarget;
			buildConfigurationList = 7A39DB99FB99EA880E6A1B5A103FD9A2 /* Build configuration list for PBXNativeTarget "MKVPlayer" */;
			buildPhases = (
				C102CD42B36DB3E7F109666C6CE18D0B /* Sources */,
				F96AACD87A85E38FFBA8F6EC19D88D04 /* Frameworks */,
				A1843C0D0089FCF2429E70BAD43A9C7C /* Resources */,
				93D54EAC47D7789CFBCC6DB2687478E2 /* Embed Media Core */,
			);
			buildRules = (
			);
			dependencies = (
			);
			name = MKVPlayer;
			packageProductDependencies = (
				06FD3122B04446DC0A76BB7A13A3BBCF /* PlayerCore */,
				D8BC590CB9F2B8282DA43A3566A3FD9A /* MPVKit */,
				24C835C4DE5DC1616AA2A1B34B8EAEBB /* Sparkle */,
			);
			productName = MKVPlayer;
			productReference = EB48258B233EBE9D08DBCFC219C7BA4A /* MKV Player.app */;
			productType = "com.apple.product-type.application";
		};
		76E5FB4EF0BAE307EDEFB5B26C32FDF4 /* MKVPlayerTests */ = {
			isa = PBXNativeTarget;
			buildConfigurationList = 989E5D135D7C6177C2403FDE8E985C43 /* Build configuration list for PBXNativeTarget "MKVPlayerTests" */;
			buildPhases = (
				B0886E32042EBBC1E05B5AF4978565DA /* Sources */,
				E090EC407A3CE6DB5E0B64AC3697A44A /* Frameworks */,
				0FC9AC7E8CC96964EB41FE0D324DF860 /* Resources */,
			);
			buildRules = (
			);
			dependencies = (
				1F943489B87ACE97D3C8E479BE668949 /* PBXTargetDependency */,
			);
			name = MKVPlayerTests;
			packageProductDependencies = (
				A6D5DE66EBB373A7E9F3F8E3697AFF94 /* PlayerCore */,
				D481E7F90B58734152A67EB8392D1065 /* MPVKit */,
			);
			productName = MKVPlayerTests;
			productReference = EF7C79C49BA4712E807218819A53F865 /* MKVPlayerTests.xctest */;
			productType = "com.apple.product-type.bundle.unit-test";
		};
/* End PBXNativeTarget section */

/* Begin PBXProject section */
		C05A3344B6333BC1C1DB620B8917FC8B /* Project object */ = {
			isa = PBXProject;
			attributes = {
				LastSwiftUpdateCheck = 2620;
				LastUpgradeCheck = 2620;
			};
			buildConfigurationList = 41648E5A7B118FF18EBA8C48F69AE233 /* Build configuration list for PBXProject "MKVPlayer" */;
			compatibilityVersion = "Xcode 3.2";
			developmentRegion = en;
			hasScannedForEncodings = 0;
			knownRegions = (
				en,
				Base,
			);
			mainGroup = 63CF71AC6881C0409C6702A2AFF1938E;
			minimizedProjectReferenceProxies = 0;
			packageReferences = (
				6DC501471E22256D000667F1A51B4350 /* XCLocalSwiftPackageReference "PlayerCore" */,
				E1032CA9E4695D51495BBA7295B23F62 /* XCLocalSwiftPackageReference "MPVKit" */,
				E8FCF6E91A2B765F516F00218F98E8BB /* XCRemoteSwiftPackageReference "Sparkle" */,
			);
			preferredProjectObjectVersion = 77;
			productRefGroup = C61B5F1B83F21D526B4A3EC48BAB38FB /* Products */;
			projectDirPath = "";
			projectRoot = "";
			targets = (
				5B0B057B45BD67801395F19CA8C8FC36 /* MKVPlayer */,
				76E5FB4EF0BAE307EDEFB5B26C32FDF4 /* MKVPlayerTests */,
			);
		};
/* End PBXProject section */

/* Begin PBXResourcesBuildPhase section */
		0FC9AC7E8CC96964EB41FE0D324DF860 /* Resources */ = {
			isa = PBXResourcesBuildPhase;
			buildActionMask = 2147483647;
			files = (
			);
			runOnlyForDeploymentPostprocessing = 0;
		};
		A1843C0D0089FCF2429E70BAD43A9C7C /* Resources */ = {
			isa = PBXResourcesBuildPhase;
			buildActionMask = 2147483647;
			files = (
				88FB3EE1AC71CF6A47C6003DD75B0123 /* Assets.xcassets in Resources */,
			);
			runOnlyForDeploymentPostprocessing = 0;
		};
/* End PBXResourcesBuildPhase section */

/* Begin PBXSourcesBuildPhase section */
		B0886E32042EBBC1E05B5AF4978565DA /* Sources */ = {
			isa = PBXSourcesBuildPhase;
			buildActionMask = 2147483647;
			files = (
				4913559726488E39636D85348B56F3CB /* MediaPlaybackIntegrationTests.swift in Sources */,
				571796440AB161095D89B5CB1A3CFC54 /* PlayerPresentationTests.swift in Sources */,
			);
			runOnlyForDeploymentPostprocessing = 0;
		};
		C102CD42B36DB3E7F109666C6CE18D0B /* Sources */ = {
			isa = PBXSourcesBuildPhase;
			buildActionMask = 2147483647;
			files = (
				F726981D10305CB78E8CBA626CF2E9DD /* AppDelegate.swift in Sources */,
				2F253307F8AC86F7C8B4012B2372E10F /* AppMenuController.swift in Sources */,
				6F0D67C4AB1D6DC7ECD88AFA1A87636E /* PlayerViewController.swift in Sources */,
				B635A09A2E1FA8F3E70B898B8BD881BA /* PlayerWindow.swift in Sources */,
				0978F6AAF10EE50E4C0161E7D4827635 /* PlayerWindowController.swift in Sources */,
				16B1F8191DF3CE0546C7A7E3928BF0D2 /* SettingsWindowController.swift in Sources */,
				BDD4F6663146B9BE4CEBC876AE61F4AF /* KeyboardSeekGesture.swift in Sources */,
				87AFC424602640E6A9609EA9D5A54F6A /* PlaybackActivityController.swift in Sources */,
				34ECAEF40B5C5B2C19C60516EB88AA7E /* PlayerPreferences.swift in Sources */,
				8BF9267952E8CC1736AD4281AC07822A /* PlayerPresentationAdapter.swift in Sources */,
				97D1F374270F9F9B43983CE4DEFAD20E /* PlayerPresentationState.swift in Sources */,
				38E83A16CBCD32E94A05B464B142196A /* RecentFilesController.swift in Sources */,
				4BFA61F7AC0BF2190E9CA75CB324490D /* UpdateSettingsModel.swift in Sources */,
				612FB4C8C25E8BB3EE504C58E7867DCB /* ActionControls.swift in Sources */,
				85D9886C71151A94614B45BB5446ACEF /* DropOverlayView.swift in Sources */,
				35A75463107EDA59DB227ED8363C137E /* EmptyStateView.swift in Sources */,
				D0594F43926AD23ACD38FCA2AB0E37FB /* EndStateView.swift in Sources */,
				738085981F0A00DADDE5D4877F1E11C1 /* ErrorStateView.swift in Sources */,
				EC81DBCD417E700FAABE389FE5A47E8B /* PlaybackControlsView.swift in Sources */,
				ED8408CD61446CBDEF03D88E001697D4 /* PlaybackQueueView.swift in Sources */,
				35BA8DA4812E1A8B4AF17EAA3F2036A8 /* PlayerCanvasView.swift in Sources */,
				A06E433E95B2F6841A62F7DEA68C023F /* ResumeBannerView.swift in Sources */,
				2E6B1E08175FFCB777B7A7B48FA7BB07 /* SettingsView.swift in Sources */,
				59054D6FC87F83F695D2AACC6F2B663A /* main.swift in Sources */,
			);
			runOnlyForDeploymentPostprocessing = 0;
		};
/* End PBXSourcesBuildPhase section */

/* Begin PBXTargetDependency section */
		1F943489B87ACE97D3C8E479BE668949 /* PBXTargetDependency */ = {
			isa = PBXTargetDependency;
			name = MKVPlayer;
			target = 5B0B057B45BD67801395F19CA8C8FC36 /* MKVPlayer */;
			targetProxy = 6D709CC12B5660CA888EC8B935BDC456 /* PBXContainerItemProxy */;
		};
/* End PBXTargetDependency section */

/* Begin XCBuildConfiguration section */
		4916034A6B7EC54338AC055AB7E43D5D /* Release */ = {
			isa = XCBuildConfiguration;
			buildSettings = {
				ARCHS = "$(ARCHS_STANDARD)";
				ASSETCATALOG_COMPILER_APPICON_NAME = AppIcon;
				ASSETCATALOG_COMPILER_GLOBAL_ACCENT_COLOR_NAME = AccentColor;
				CODE_SIGN_ENTITLEMENTS = App/MKVPlayer/MKVPlayer.entitlements;
				COMBINE_HIDPI_IMAGES = YES;
				CURRENT_PROJECT_VERSION = 1;
				DEAD_CODE_STRIPPING = YES;
				ENABLE_APP_SANDBOX = YES;
				ENABLE_HARDENED_RUNTIME = YES;
				ENABLE_USER_SCRIPT_SANDBOXING = YES;
				GENERATE_INFOPLIST_FILE = NO;
				INFOPLIST_FILE = App/MKVPlayer/Info.plist;
				LD_RUNPATH_SEARCH_PATHS = "$(inherited) @executable_path/../Frameworks";
				MACOSX_DEPLOYMENT_TARGET = 14.0;
				MARKETING_VERSION = 0.1.0;
				PRODUCT_BUNDLE_IDENTIFIER = io.github.youssefsz.MKVPlayer;
				PRODUCT_NAME = "MKV Player";
				SDKROOT = macosx;
				SPARKLE_PUBLIC_ED_KEY = "";
				SWIFT_STRICT_CONCURRENCY = complete;
			};
			name = Release;
		};
		5C3AD4D4047DA07F87B3DD7D11434768 /* Debug */ = {
			isa = XCBuildConfiguration;
			buildSettings = {
				ARCHS = "$(ARCHS_STANDARD)";
				ASSETCATALOG_COMPILER_APPICON_NAME = AppIcon;
				ASSETCATALOG_COMPILER_GLOBAL_ACCENT_COLOR_NAME = AccentColor;
				CODE_SIGN_ENTITLEMENTS = App/MKVPlayer/MKVPlayer.entitlements;
				COMBINE_HIDPI_IMAGES = YES;
				CURRENT_PROJECT_VERSION = 1;
				DEAD_CODE_STRIPPING = YES;
				ENABLE_APP_SANDBOX = YES;
				ENABLE_HARDENED_RUNTIME = NO;
				ENABLE_USER_SCRIPT_SANDBOXING = YES;
				GENERATE_INFOPLIST_FILE = NO;
				INFOPLIST_FILE = App/MKVPlayer/Info.plist;
				LD_RUNPATH_SEARCH_PATHS = "$(inherited) @executable_path/../Frameworks";
				MACOSX_DEPLOYMENT_TARGET = 14.0;
				MARKETING_VERSION = 0.1.0;
				PRODUCT_BUNDLE_IDENTIFIER = io.github.youssefsz.MKVPlayer;
				PRODUCT_NAME = "MKV Player";
				SDKROOT = macosx;
				SPARKLE_PUBLIC_ED_KEY = "";
				SWIFT_STRICT_CONCURRENCY = complete;
			};
			name = Debug;
		};
		94FCE409393A7744311B27A2841D1E2E /* Debug */ = {
			isa = XCBuildConfiguration;
			buildSettings = {
				ALWAYS_SEARCH_USER_PATHS = NO;
				CLANG_ANALYZER_NONNULL = YES;
				CLANG_ANALYZER_NUMBER_OBJECT_CONVERSION = YES_AGGRESSIVE;
				CLANG_CXX_LANGUAGE_STANDARD = "gnu++14";
				CLANG_CXX_LIBRARY = "libc++";
				CLANG_ENABLE_MODULES = YES;
				CLANG_ENABLE_OBJC_ARC = YES;
				CLANG_ENABLE_OBJC_WEAK = YES;
				CLANG_WARN_BLOCK_CAPTURE_AUTORELEASING = YES;
				CLANG_WARN_BOOL_CONVERSION = YES;
				CLANG_WARN_COMMA = YES;
				CLANG_WARN_CONSTANT_CONVERSION = YES;
				CLANG_WARN_DEPRECATED_OBJC_IMPLEMENTATIONS = YES;
				CLANG_WARN_DIRECT_OBJC_ISA_USAGE = YES_ERROR;
				CLANG_WARN_DOCUMENTATION_COMMENTS = YES;
				CLANG_WARN_EMPTY_BODY = YES;
				CLANG_WARN_ENUM_CONVERSION = YES;
				CLANG_WARN_INFINITE_RECURSION = YES;
				CLANG_WARN_INT_CONVERSION = YES;
				CLANG_WARN_NON_LITERAL_NULL_CONVERSION = YES;
				CLANG_WARN_OBJC_IMPLICIT_RETAIN_SELF = YES;
				CLANG_WARN_OBJC_LITERAL_CONVERSION = YES;
				CLANG_WARN_OBJC_ROOT_CLASS = YES_ERROR;
				CLANG_WARN_QUOTED_INCLUDE_IN_FRAMEWORK_HEADER = YES;
				CLANG_WARN_RANGE_LOOP_ANALYSIS = YES;
				CLANG_WARN_STRICT_PROTOTYPES = YES;
				CLANG_WARN_SUSPICIOUS_MOVE = YES;
				CLANG_WARN_UNGUARDED_AVAILABILITY = YES_AGGRESSIVE;
				CLANG_WARN_UNREACHABLE_CODE = YES;
				CLANG_WARN__DUPLICATE_METHOD_MATCH = YES;
				COPY_PHASE_STRIP = NO;
				DEBUG_INFORMATION_FORMAT = dwarf;
				ENABLE_STRICT_OBJC_MSGSEND = YES;
				ENABLE_TESTABILITY = YES;
				GCC_C_LANGUAGE_STANDARD = gnu11;
				GCC_DYNAMIC_NO_PIC = NO;
				GCC_NO_COMMON_BLOCKS = YES;
				GCC_OPTIMIZATION_LEVEL = 0;
				GCC_PREPROCESSOR_DEFINITIONS = (
					"DEBUG=1",
					"$(inherited)",
				);
				GCC_WARN_64_TO_32_BIT_CONVERSION = YES;
				GCC_WARN_ABOUT_RETURN_TYPE = YES_ERROR;
				GCC_WARN_UNDECLARED_SELECTOR = YES;
				GCC_WARN_UNINITIALIZED_AUTOS = YES_AGGRESSIVE;
				GCC_WARN_UNUSED_FUNCTION = YES;
				GCC_WARN_UNUSED_VARIABLE = YES;
				MACOSX_DEPLOYMENT_TARGET = 14.0;
				MTL_ENABLE_DEBUG_INFO = INCLUDE_SOURCE;
				MTL_FAST_MATH = YES;
				ONLY_ACTIVE_ARCH = YES;
				PRODUCT_NAME = "$(TARGET_NAME)";
				SWIFT_ACTIVE_COMPILATION_CONDITIONS = DEBUG;
				SWIFT_OPTIMIZATION_LEVEL = "-Onone";
				SWIFT_VERSION = 6.0;
			};
			name = Debug;
		};
		A389DE4759CBCB2C7A07B71DF20D4FB2 /* Debug */ = {
			isa = XCBuildConfiguration;
			buildSettings = {
				BUNDLE_LOADER = "$(TEST_HOST)";
				GENERATE_INFOPLIST_FILE = YES;
				MACOSX_DEPLOYMENT_TARGET = 14.0;
				OTHER_LDFLAGS = (
					"$(inherited)",
					"-framework",
					AppIntents,
				);
				PRODUCT_BUNDLE_IDENTIFIER = io.github.youssefsz.MKVPlayerTests;
				SDKROOT = macosx;
				SWIFT_ACTIVE_COMPILATION_CONDITIONS = "$(inherited) $(MKVPLAYER_TEST_COMPILATION_CONDITION)";
				SWIFT_STRICT_CONCURRENCY = complete;
				TEST_HOST = "$(BUILT_PRODUCTS_DIR)/MKV Player.app/Contents/MacOS/MKV Player";
			};
			name = Debug;
		};
		C806685BFCCFCE6B7DE7AC07BB677FBF /* Release */ = {
			isa = XCBuildConfiguration;
			buildSettings = {
				BUNDLE_LOADER = "$(TEST_HOST)";
				GENERATE_INFOPLIST_FILE = YES;
				MACOSX_DEPLOYMENT_TARGET = 14.0;
				OTHER_LDFLAGS = (
					"$(inherited)",
					"-framework",
					AppIntents,
				);
				PRODUCT_BUNDLE_IDENTIFIER = io.github.youssefsz.MKVPlayerTests;
				SDKROOT = macosx;
				SWIFT_ACTIVE_COMPILATION_CONDITIONS = "$(inherited) $(MKVPLAYER_TEST_COMPILATION_CONDITION)";
				SWIFT_STRICT_CONCURRENCY = complete;
				TEST_HOST = "$(BUILT_PRODUCTS_DIR)/MKV Player.app/Contents/MacOS/MKV Player";
			};
			name = Release;
		};
		FEFBCEAC27CD68A0CC5F404E33AFEDE6 /* Release */ = {
			isa = XCBuildConfiguration;
			buildSettings = {
				ALWAYS_SEARCH_USER_PATHS = NO;
				CLANG_ANALYZER_NONNULL = YES;
				CLANG_ANALYZER_NUMBER_OBJECT_CONVERSION = YES_AGGRESSIVE;
				CLANG_CXX_LANGUAGE_STANDARD = "gnu++14";
				CLANG_CXX_LIBRARY = "libc++";
				CLANG_ENABLE_MODULES = YES;
				CLANG_ENABLE_OBJC_ARC = YES;
				CLANG_ENABLE_OBJC_WEAK = YES;
				CLANG_WARN_BLOCK_CAPTURE_AUTORELEASING = YES;
				CLANG_WARN_BOOL_CONVERSION = YES;
				CLANG_WARN_COMMA = YES;
				CLANG_WARN_CONSTANT_CONVERSION = YES;
				CLANG_WARN_DEPRECATED_OBJC_IMPLEMENTATIONS = YES;
				CLANG_WARN_DIRECT_OBJC_ISA_USAGE = YES_ERROR;
				CLANG_WARN_DOCUMENTATION_COMMENTS = YES;
				CLANG_WARN_EMPTY_BODY = YES;
				CLANG_WARN_ENUM_CONVERSION = YES;
				CLANG_WARN_INFINITE_RECURSION = YES;
				CLANG_WARN_INT_CONVERSION = YES;
				CLANG_WARN_NON_LITERAL_NULL_CONVERSION = YES;
				CLANG_WARN_OBJC_IMPLICIT_RETAIN_SELF = YES;
				CLANG_WARN_OBJC_LITERAL_CONVERSION = YES;
				CLANG_WARN_OBJC_ROOT_CLASS = YES_ERROR;
				CLANG_WARN_QUOTED_INCLUDE_IN_FRAMEWORK_HEADER = YES;
				CLANG_WARN_RANGE_LOOP_ANALYSIS = YES;
				CLANG_WARN_STRICT_PROTOTYPES = YES;
				CLANG_WARN_SUSPICIOUS_MOVE = YES;
				CLANG_WARN_UNGUARDED_AVAILABILITY = YES_AGGRESSIVE;
				CLANG_WARN_UNREACHABLE_CODE = YES;
				CLANG_WARN__DUPLICATE_METHOD_MATCH = YES;
				COPY_PHASE_STRIP = NO;
				DEBUG_INFORMATION_FORMAT = "dwarf-with-dsym";
				ENABLE_NS_ASSERTIONS = NO;
				ENABLE_STRICT_OBJC_MSGSEND = YES;
				GCC_C_LANGUAGE_STANDARD = gnu11;
				GCC_NO_COMMON_BLOCKS = YES;
				GCC_WARN_64_TO_32_BIT_CONVERSION = YES;
				GCC_WARN_ABOUT_RETURN_TYPE = YES_ERROR;
				GCC_WARN_UNDECLARED_SELECTOR = YES;
				GCC_WARN_UNINITIALIZED_AUTOS = YES_AGGRESSIVE;
				GCC_WARN_UNUSED_FUNCTION = YES;
				GCC_WARN_UNUSED_VARIABLE = YES;
				MACOSX_DEPLOYMENT_TARGET = 14.0;
				MTL_ENABLE_DEBUG_INFO = NO;
				MTL_FAST_MATH = YES;
				PRODUCT_NAME = "$(TARGET_NAME)";
				SWIFT_COMPILATION_MODE = wholemodule;
				SWIFT_OPTIMIZATION_LEVEL = "-O";
				SWIFT_VERSION = 6.0;
			};
			name = Release;
		};
/* End XCBuildConfiguration section */

/* Begin XCConfigurationList section */
		41648E5A7B118FF18EBA8C48F69AE233 /* Build configuration list for PBXProject "MKVPlayer" */ = {
			isa = XCConfigurationList;
			buildConfigurations = (
				94FCE409393A7744311B27A2841D1E2E /* Debug */,
				FEFBCEAC27CD68A0CC5F404E33AFEDE6 /* Release */,
			);
			defaultConfigurationIsVisible = 0;
			defaultConfigurationName = Release;
		};
		7A39DB99FB99EA880E6A1B5A103FD9A2 /* Build configuration list for PBXNativeTarget "MKVPlayer" */ = {
			isa = XCConfigurationList;
			buildConfigurations = (
				4916034A6B7EC54338AC055AB7E43D5D /* Release */,
				5C3AD4D4047DA07F87B3DD7D11434768 /* Debug */,
			);
			defaultConfigurationIsVisible = 0;
			defaultConfigurationName = Release;
		};
		989E5D135D7C6177C2403FDE8E985C43 /* Build configuration list for PBXNativeTarget "MKVPlayerTests" */ = {
			isa = XCConfigurationList;
			buildConfigurations = (
				C806685BFCCFCE6B7DE7AC07BB677FBF /* Release */,
				A389DE4759CBCB2C7A07B71DF20D4FB2 /* Debug */,
			);
			defaultConfigurationIsVisible = 0;
			defaultConfigurationName = Release;
		};
/* End XCConfigurationList section */

/* Begin XCLocalSwiftPackageReference section */
		6DC501471E22256D000667F1A51B4350 /* XCLocalSwiftPackageReference "PlayerCore" */ = {
			isa = XCLocalSwiftPackageReference;
			relativePath = Packages/PlayerCore;
		};
		E1032CA9E4695D51495BBA7295B23F62 /* XCLocalSwiftPackageReference "MPVKit" */ = {
			isa = XCLocalSwiftPackageReference;
			relativePath = Packages/MPVKit;
		};
/* End XCLocalSwiftPackageReference section */

/* Begin XCRemoteSwiftPackageReference section */
		E8FCF6E91A2B765F516F00218F98E8BB /* XCRemoteSwiftPackageReference "Sparkle" */ = {
			isa = XCRemoteSwiftPackageReference;
			repositoryURL = "https://github.com/sparkle-project/Sparkle";
			requirement = {
				kind = exactVersion;
				version = 2.9.2;
			};
		};
/* End XCRemoteSwiftPackageReference section */

/* Begin XCSwiftPackageProductDependency section */
		06FD3122B04446DC0A76BB7A13A3BBCF /* PlayerCore */ = {
			isa = XCSwiftPackageProductDependency;
			package = 6DC501471E22256D000667F1A51B4350 /* XCLocalSwiftPackageReference "PlayerCore" */;
			productName = PlayerCore;
		};
		24C835C4DE5DC1616AA2A1B34B8EAEBB /* Sparkle */ = {
			isa = XCSwiftPackageProductDependency;
			package = E8FCF6E91A2B765F516F00218F98E8BB /* XCRemoteSwiftPackageReference "Sparkle" */;
			productName = Sparkle;
		};
		A6D5DE66EBB373A7E9F3F8E3697AFF94 /* PlayerCore */ = {
			isa = XCSwiftPackageProductDependency;
			package = 6DC501471E22256D000667F1A51B4350 /* XCLocalSwiftPackageReference "PlayerCore" */;
			productName = PlayerCore;
		};
		D481E7F90B58734152A67EB8392D1065 /* MPVKit */ = {
			isa = XCSwiftPackageProductDependency;
			package = E1032CA9E4695D51495BBA7295B23F62 /* XCLocalSwiftPackageReference "MPVKit" */;
			productName = MPVKit;
		};
		D8BC590CB9F2B8282DA43A3566A3FD9A /* MPVKit */ = {
			isa = XCSwiftPackageProductDependency;
			package = E1032CA9E4695D51495BBA7295B23F62 /* XCLocalSwiftPackageReference "MPVKit" */;
			productName = MPVKit;
		};
/* End XCSwiftPackageProductDependency section */
	};
	rootObject = C05A3344B6333BC1C1DB620B8917FC8B /* Project object */;
}
